// !$*UTF8*$!
{
	archiveVersion = 1;
	classes = {
	};
	objectVersion = 46;
	objects = {

/* Begin PBXBuildFile section */
		ABF9227F1BFA9AD600D06BFD /* main.m in Sources */ = {isa = PBXBuildFile; fileRef = ABF9227E1BFA9AD600D06BFD /* main.m */; };
		ABF922821BFA9AD600D06BFD /* AppDelegate.m in Sources */ = {isa = PBXBuildFile; fileRef = ABF922811BFA9AD600D06BFD /* AppDelegate.m */; };
		ABF922851BFA9AD600D06BFD /* ViewController.m in Sources */ = {isa = PBXBuildFile; fileRef = ABF922841BFA9AD600D06BFD /* ViewController.m */; };
		ABF922881BFA9AD600D06BFD /* Main.storyboard in Resources */ = {isa = PBXBuildFile; fileRef = ABF922861BFA9AD600D06BFD /* Main.storyboard */; };
		ABF9228A1BFA9AD600D06BFD /* Assets.xcassets in Resources */ = {isa = PBXBuildFile; fileRef = ABF922891BFA9AD600D06BFD /* Assets.xcassets */; };
		ABF9228D1BFA9AD600D06BFD /* LaunchScreen.storyboard in Resources */ = {isa = PBXBuildFile; fileRef = ABF9228B1BFA9AD600D06BFD /* LaunchScreen.storyboard */; };
		ABF922961BFAA78B00D06BFD /* ViewController2.m in Sources */ = {isa = PBXBuildFile; fileRef = ABF922951BFAA78B00D06BFD /* ViewController2.m */; settings = {ASSET_TAGS = (); }; };
/* End PBXBuildFile section */

/* Begin PBXFileReference section */
		ABF9227A1BFA9AD600D06BFD /* UITableView练习.app */ = {isa = PBXFileReference; explicitFileType = wrapper.application; includeInIndex = 0; path = "UITableView练习.app"; sourceTree = BUILT_PRODUCTS_DIR; };
		ABF9227E1BFA9AD600D06BFD /* main.m */ = {isa = PBXFileReference; lastKnownFileType = sourcecode.c.objc; path = main.m; sourceTree = "<group>"; };
		ABF922801BFA9AD600D06BFD /* AppDelegate.h */ = {isa = PBXFileReference; lastKnownFileType = sourcecode.c.h; path = AppDelegate.h; sourceTree = "<group>"; };
		ABF922811BFA9AD600D06BFD /* AppDelegate.m */ = {isa = PBXFileReference; lastKnownFileType = sourcecode.c.objc; path = AppDelegate.m; sourceTree = "<group>"; };
		ABF922831BFA9AD600D06BFD /* ViewController.h */ = {isa = PBXFileReference; lastKnownFileType = sourcecode.c.h; path = ViewController.h; sourceTree = "<group>"; };
		ABF922841BFA9AD600D06BFD /* ViewController.m */ = {isa = PBXFileReference; lastKnownFileType = sourcecode.c.objc; path = ViewController.m; sourceTree = "<group>"; };
		ABF922871BFA9AD600D06BFD /* Base */ = {isa = PBXFileReference; lastKnownFileType = file.storyboard; name = Base; path = Base.lproj/Main.storyboard; sourceTree = "<group>"; };
		ABF922891BFA9AD600D06BFD /* Assets.xcassets */ = {isa = PBXFileReference; lastKnownFileType = folder.assetcatalog; path = Assets.xcassets; sourceTree = "<group>"; };
		ABF9228C1BFA9AD600D06BFD /* Base */ = {isa = PBXFileReference; lastKnownFileType = file.storyboard; name = Base; path = Base.lproj/LaunchScreen.storyboard; sourceTree = "<group>"; };
		ABF9228E1BFA9AD600D06BFD /* Info.plist */ = {isa = PBXFileReference; lastKnownFileType = text.plist.xml; path = Info.plist; sourceTree = "<group>"; };
		ABF922941BFAA78B00D06BFD /* ViewController2.h */ = {isa = PBXFileReference; fileEncoding = 4; lastKnownFileType = sourcecode.c.h; path = ViewController2.h; sourceTree = "<group>"; };
		ABF922951BFAA78B00D06BFD /* ViewController2.m */ = {isa = PBXFileReference; fileEncoding = 4; lastKnownFileType = sourcecode.c.objc; path = ViewController2.m; sourceTree = "<group>"; };
/* End PBXFileReference section */

/* Begin PBXFrameworksBuildPhase section */
		ABF922771BFA9AD600D06BFD /* Frameworks */ = {
			isa = PBXFrameworksBuildPhase;
			buildActionMask = 2147483647;
			files = (
			);
			runOnlyForDeploymentPostprocessing = 0;
		};
/* End PBXFrameworksBuildPhase section */

/* Begin PBXGroup section */
		ABF922711BFA9AD600D06BFD = {
			isa = PBXGroup;
			children = (
				ABF9227C1BFA9AD600D06BFD /* UITableView练习 */,
				ABF9227B1BFA9AD600D06BFD /* Products */,
			);
			sourceTree = "<group>";
		};
		ABF9227B1BFA9AD600D06BFD /* Products */ = {
			isa = PBXGroup;
			children = (
				ABF9227A1BFA9AD600D06BFD /* UITableView练习.app */,
			);
			name = Products;
			sourceTree = "<group>";
		};
		ABF9227C1BFA9AD600D06BFD /* UITableView练习 */ = {
			isa = PBXGroup;
			children = (
				ABF922801BFA9AD600D06BFD /* AppDelegate.h */,
				ABF922811BFA9AD600D06BFD /* AppDelegate.m */,
				ABF922831BFA9AD600D06BFD /* ViewController.h */,
				ABF922841BFA9AD600D06BFD /* ViewController.m */,
				ABF922941BFAA78B00D06BFD /* ViewController2.h */,
				ABF922951BFAA78B00D06BFD /* ViewController2.m */,
				ABF922861BFA9AD600D06BFD /* Main.storyboard */,
				ABF922891BFA9AD600D06BFD /* Assets.xcassets */,
				ABF9228B1BFA9AD600D06BFD /* LaunchScreen.storyboard */,
				ABF9228E1BFA9AD600D06BFD /* Info.plist */,
				ABF9227D1BFA9AD600D06BFD /* Supporting Files */,
			);
			path = "UITableView练习";
			sourceTree = "<group>";
		};
		ABF9227D1BFA9AD600D06BFD /* Supporting Files */ = {
			isa = PBXGroup;
			children = (
				ABF9227E1BFA9AD600D06BFD /* main.m */,
			);
			name = "Supporting Files";
			sourceTree = "<group>";
		};
/* End PBXGroup section */

/* Begin PBXNativeTarget section */
		ABF922791BFA9AD600D06BFD /* UITableView练习 */ = {
			isa = PBXNativeTarget;
			buildConfigurationList = ABF922911BFA9AD600D06BFD /* Build configuration list for PBXNativeTarget "UITableView练习" */;
			buildPhases = (
				ABF922761BFA9AD600D06BFD /* Sources */,
				ABF922771BFA9AD600D06BFD /* Frameworks */,
				ABF922781BFA9AD600D06BFD /* Resources */,
			);
			buildRules = (
			);
			dependencies = (
			);
			name = "UITableView练习";
			productName = "UITableView练习";
			productReference = ABF9227A1BFA9AD600D06BFD /* UITableView练习.app */;
			productType = "com.apple.product-type.application";
		};
/* End PBXNativeTarget section */

/* Begin PBXProject section */
		ABF922721BFA9AD600D06BFD /* Project object */ = {
			isa = PBXProject;
			attributes = {
				LastUpgradeCheck = 0700;
				ORGANIZATIONNAME = "cn.com.李超";
				TargetAttributes = {
					ABF922791BFA9AD600D06BFD = {
						CreatedOnToolsVersion = 7.0.1;
					};
				};
			};
			buildConfigurationList = ABF922751BFA9AD600D06BFD /* Build configuration list for PBXProject "UITableView练习" */;
			compatibilityVersion = "Xcode 3.2";
			developmentRegion = English;
			hasScannedForEncodings = 0;
			knownRegions = (
				en,
				Base,
			);
			mainGroup = ABF922711BFA9AD600D06BFD;
			productRefGroup = ABF9227B1BFA9AD600D06BFD /* Products */;
			projectDirPath = "";
			projectRoot = "";
			targets = (
				ABF922791BFA9AD600D06BFD /* UITableView练习 */,
			);
		};
/* End PBXProject section */

/* Begin PBXResourcesBuildPhase section */
		ABF922781BFA9AD600D06BFD /* Resources */ = {
			isa = PBXResourcesBuildPhase;
			buildActionMask = 2147483647;
			files = (
				ABF9228D1BFA9AD600D06BFD /* LaunchScreen.storyboard in Resources */,
				ABF9228A1BFA9AD600D06BFD /* Assets.xcassets in Resources */,
				ABF922881BFA9AD600D06BFD /* Main.storyboard in Resources */,
			);
			runOnlyForDeploymentPostprocessing = 0;
		};
/* End PBXResourcesBuildPhase section */

/* Begin PBXSourcesBuildPhase section */
		ABF922761BFA9AD600D06BFD /* Sources */ = {
			isa = PBXSourcesBuildPhase;
			buildActionMask = 2147483647;
			files = (
				ABF922851BFA9AD600D06BFD /* ViewController.m in Sources */,
				ABF922961BFAA78B00D06BFD /* ViewController2.m in Sources */,
				ABF922821BFA9AD600D06BFD /* AppDelegate.m in Sources */,
				ABF9227F1BFA9AD600D06BFD /* main.m in Sources */,
			);
			runOnlyForDeploymentPostprocessing = 0;
		};
/* End PBXSourcesBuildPhase section */

/* Begin PBXVariantGroup section */
		ABF922861BFA9AD600D06BFD /* Main.storyboard */ = {
			isa = PBXVariantGroup;
			children = (
				ABF922871BFA9AD600D06BFD /* Base */,
			);
			name = Main.storyboard;
			sourceTree = "<group>";
		};
		ABF9228B1BFA9AD600D06BFD /* LaunchScreen.storyboard */ = {
			isa = PBXVariantGroup;
			children = (
				ABF9228C1BFA9AD600D06BFD /* Base */,
			);
			name = LaunchScreen.storyboard;
			sourceTree = "<group>";
		};
/* End PBXVariantGroup section */

/* Begin XCBuildConfiguration section */
		ABF9228F1BFA9AD600D06BFD /* Debug */ = {
			isa = XCBuildConfiguration;
			buildSettings = {
				ALWAYS_SEARCH_USER_PATHS = NO;
				CLANG_CXX_LANGUAGE_STANDARD = "gnu++0x";
				CLANG_CXX_LIBRARY = "libc++";
				CLANG_ENABLE_MODULES = YES;
				CLANG_ENABLE_OBJC_ARC = YES;
				CLANG_WARN_BOOL_CONVERSION = YES;
				CLANG_WARN_CONSTANT_CONVERSION = YES;
				CLANG_WARN_DIRECT_OBJC_ISA_USAGE = YES_ERROR;
				CLANG_WARN_EMPTY_BODY = YES;
				CLANG_WARN_ENUM_CONVERSION = YES;
				CLANG_WARN_INT_CONVERSION = YES;
				CLANG_WARN_OBJC_ROOT_CLASS = YES_ERROR;
				CLANG_WARN_UNREACHABLE_CODE = YES;
				CLANG_WARN__DUPLICATE_METHOD_MATCH = YES;
				"CODE_SIGN_IDENTITY[sdk=iphoneos*]" = "iPhone Developer";
				COPY_PHASE_STRIP = NO;
				DEBUG_INFORMATION_FORMAT = dwarf;
				ENABLE_STRICT_OBJC_MSGSEND = YES;
				ENABLE_TESTABILITY = YES;
				GCC_C_LANGUAGE_STANDARD = gnu99;
				GCC_DYNAMIC_NO_PIC = NO;
				GCC_NO_COMMON_BLOCKS = YES;
				GCC_OPTIMIZATION_LEVEL = 0;
				GCC_PREPROCESSOR_DEFINITIONS = (
					"DEBUG=1",
					"$(inherited)",
				);
				GCC_WARN_64_TO_32_BIT_CONVERSION = YES;
				GCC_WARN_ABOUT_RETURN_TYPE = YES_ERROR;
				GCC_WARN_UNDECLARED_SELECTOR = YES;
				GCC_WARN_UNINITIALIZED_AUTOS = YES_AGGRESSIVE;
				GCC_WARN_UNUSED_FUNCTION = YES;
				GCC_WARN_UNUSED_VARIABLE = YES;
				IPHONEOS_DEPLOYMENT_TARGET = 9.0;
				MTL_ENABLE_DEBUG_INFO = YES;
				ONLY_ACTIVE_ARCH = YES;
				SDKROOT = iphoneos;
			};
			name = Debug;
		};
		ABF922901BFA9AD600D06BFD /* Release */ = {
			isa = XCBuildConfiguration;
			buildSettings = {
				ALWAYS_SEARCH_USER_PATHS = NO;
				CLANG_CXX_LANGUAGE_STANDARD = "gnu++0x";
				CLANG_CXX_LIBRARY = "libc++";
				CLANG_ENABLE_MODULES = YES;
				CLANG_ENABLE_OBJC_ARC = YES;
				CLANG_WARN_BOOL_CONVERSION = YES;
				CLANG_WARN_CONSTANT_CONVERSION = YES;
				CLANG_WARN_DIRECT_OBJC_ISA_USAGE = YES_ERROR;
				CLANG_WARN_EMPTY_BODY = YES;
				CLANG_WARN_ENUM_CONVERSION = YES;
				CLANG_WARN_INT_CONVERSION = YES;
				CLANG_WARN_OBJC_ROOT_CLASS = YES_ERROR;
				CLANG_WARN_UNREACHABLE_CODE = YES;
				CLANG_WARN__DUPLICATE_METHOD_MATCH = YES;
				"CODE_SIGN_IDENTITY[sdk=iphoneos*]" = "iPhone Developer";
				COPY_PHASE_STRIP = NO;
				DEBUG_INFORMATION_FORMAT = "dwarf-with-dsym";
				ENABLE_NS_ASSERTIONS = NO;
				ENABLE_STRICT_OBJC_MSGSEND = YES;
				GCC_C_LANGUAGE_STANDARD = gnu99;
				GCC_NO_COMMON_BLOCKS = YES;
				GCC_WARN_64_TO_32_BIT_CONVERSION = YES;
				GCC_WARN_ABOUT_RETURN_TYPE = YES_ERROR;
				GCC_WARN_UNDECLARED_SELECTOR = YES;
				GCC_WARN_UNINITIALIZED_AUTOS = YES_AGGRESSIVE;
				GCC_WARN_UNUSED_FUNCTION = YES;
				GCC_WARN_UNUSED_VARIABLE = YES;
				IPHONEOS_DEPLOYMENT_TARGET = 9.0;
				MTL_ENABLE_DEBUG_INFO = NO;
				SDKROOT = iphoneos;
				VALIDATE_PRODUCT = YES;
			};
			name = Release;
		};
		ABF922921BFA9AD600D06BFD /* Debug */ = {
			isa = XCBuildConfiguration;
			buildSettings = {
				ASSETCATALOG_COMPILER_APPICON_NAME = AppIcon;
				INFOPLIST_FILE = "UITableView练习/Info.plist";
				LD_RUNPATH_SEARCH_PATHS = "$(inherited) @executable_path/Frameworks";
				PRODUCT_BUNDLE_IDENTIFIER = "--.UITableView--";
				PRODUCT_NAME = "$(TARGET_NAME)";
			};
			name = Debug;
		};
		ABF922931BFA9AD600D06BFD /* Release */ = {
			isa = XCBuildConfiguration;
			buildSettings = {
				ASSETCATALOG_COMPILER_APPICON_NAME = AppIcon;
				INFOPLIST_FILE = "UITableView练习/Info.plist";
				LD_RUNPATH_SEARCH_PATHS = "$(inherited) @executable_path/Frameworks";
				PRODUCT_BUNDLE_IDENTIFIER = "--.UITableView--";
				PRODUCT_NAME = "$(TARGET_NAME)";
			};
			name = Release;
		};
/* End XCBuildConfiguration section */

/* Begin XCConfigurationList section */
		ABF922751BFA9AD600D06BFD /* Build configuration list for PBXProject "UITableView练习" */ = {
			isa = XCConfigurationList;
			buildConfigurations = (
				ABF9228F1BFA9AD600D06BFD /* Debug */,
				ABF922901BFA9AD600D06BFD /* Release */,
			);
			defaultConfigurationIsVisible = 0;
			defaultConfigurationName = Release;
		};
		ABF922911BFA9AD600D06BFD /* Build configuration list for PBXNativeTarget "UITableView练习" */ = {
			isa = XCConfigurationList;
			buildConfigurations = (
				ABF922921BFA9AD600D06BFD /* Debug */,
				ABF922931BFA9AD600D06BFD /* Release */,
			);
			defaultConfigurationIsVisible = 0;
			defaultConfigurationName = Release;
		};
/* End XCConfigurationList section */
	};
	rootObject = ABF922721BFA9AD600D06BFD /* Project object */;
}
