// !$*UTF8*$!
{
	archiveVersion = 1;
	classes = {
	};
	objectVersion = 46;
	objects = {

/* Begin PBXBuildFile section */
		AB5E50F51C21DE0100DC51E4 /* main.m in Sources */ = {isa = PBXBuildFile; fileRef = AB5E50F41C21DE0100DC51E4 /* main.m */; };
		AB5E50F81C21DE0100DC51E4 /* AppDelegate.m in Sources */ = {isa = PBXBuildFile; fileRef = AB5E50F71C21DE0100DC51E4 /* AppDelegate.m */; };
		AB5E50FB1C21DE0100DC51E4 /* ViewController.m in Sources */ = {isa = PBXBuildFile; fileRef = AB5E50FA1C21DE0100DC51E4 /* ViewController.m */; };
		AB5E50FE1C21DE0100DC51E4 /* Main.storyboard in Resources */ = {isa = PBXBuildFile; fileRef = AB5E50FC1C21DE0100DC51E4 /* Main.storyboard */; };
		AB5E51001C21DE0100DC51E4 /* Assets.xcassets in Resources */ = {isa = PBXBuildFile; fileRef = AB5E50FF1C21DE0100DC51E4 /* Assets.xcassets */; };
		AB5E51031C21DE0100DC51E4 /* LaunchScreen.storyboard in Resources */ = {isa = PBXBuildFile; fileRef = AB5E51011C21DE0100DC51E4 /* LaunchScreen.storyboard */; };
/* End PBXBuildFile section */

/* Begin PBXFileReference section */
		AB5E50F01C21DE0100DC51E4 /* ThreadTest.app */ = {isa = PBXFileReference; explicitFileType = wrapper.application; includeInIndex = 0; path = ThreadTest.app; sourceTree = BUILT_PRODUCTS_DIR; };
		AB5E50F41C21DE0100DC51E4 /* main.m */ = {isa = PBXFileReference; lastKnownFileType = sourcecode.c.objc; path = main.m; sourceTree = "<group>"; };
		AB5E50F61C21DE0100DC51E4 /* AppDelegate.h */ = {isa = PBXFileReference; lastKnownFileType = sourcecode.c.h; path = AppDelegate.h; sourceTree = "<group>"; };
		AB5E50F71C21DE0100DC51E4 /* AppDelegate.m */ = {isa = PBXFileReference; lastKnownFileType = sourcecode.c.objc; path = AppDelegate.m; sourceTree = "<group>"; };
		AB5E50F91C21DE0100DC51E4 /* ViewController.h */ = {isa = PBXFileReference; lastKnownFileType = sourcecode.c.h; path = ViewController.h; sourceTree = "<group>"; };
		AB5E50FA1C21DE0100DC51E4 /* ViewController.m */ = {isa = PBXFileReference; lastKnownFileType = sourcecode.c.objc; path = ViewController.m; sourceTree = "<group>"; };
		AB5E50FD1C21DE0100DC51E4 /* Base */ = {isa = PBXFileReference; lastKnownFileType = file.storyboard; name = Base; path = Base.lproj/Main.storyboard; sourceTree = "<group>"; };
		AB5E50FF1C21DE0100DC51E4 /* Assets.xcassets */ = {isa = PBXFileReference; lastKnownFileType = folder.assetcatalog; path = Assets.xcassets; sourceTree = "<group>"; };
		AB5E51021C21DE0100DC51E4 /* Base */ = {isa = PBXFileReference; lastKnownFileType = file.storyboard; name = Base; path = Base.lproj/LaunchScreen.storyboard; sourceTree = "<group>"; };
		AB5E51041C21DE0100DC51E4 /* Info.plist */ = {isa = PBXFileReference; lastKnownFileType = text.plist.xml; path = Info.plist; sourceTree = "<group>"; };
/* End PBXFileReference section */

/* Begin PBXFrameworksBuildPhase section */
		AB5E50ED1C21DE0100DC51E4 /* Frameworks */ = {
			isa = PBXFrameworksBuildPhase;
			buildActionMask = 2147483647;
			files = (
			);
			runOnlyForDeploymentPostprocessing = 0;
		};
/* End PBXFrameworksBuildPhase section */

/* Begin PBXGroup section */
		AB5E50E71C21DE0100DC51E4 = {
			isa = PBXGroup;
			children = (
				AB5E50F21C21DE0100DC51E4 /* ThreadTest */,
				AB5E50F11C21DE0100DC51E4 /* Products */,
			);
			sourceTree = "<group>";
		};
		AB5E50F11C21DE0100DC51E4 /* Products */ = {
			isa = PBXGroup;
			children = (
				AB5E50F01C21DE0100DC51E4 /* ThreadTest.app */,
			);
			name = Products;
			sourceTree = "<group>";
		};
		AB5E50F21C21DE0100DC51E4 /* ThreadTest */ = {
			isa = PBXGroup;
			children = (
				AB5E50F61C21DE0100DC51E4 /* AppDelegate.h */,
				AB5E50F71C21DE0100DC51E4 /* AppDelegate.m */,
				AB5E50F91C21DE0100DC51E4 /* ViewController.h */,
				AB5E50FA1C21DE0100DC51E4 /* ViewController.m */,
				AB5E50FC1C21DE0100DC51E4 /* Main.storyboard */,
				AB5E50FF1C21DE0100DC51E4 /* Assets.xcassets */,
				AB5E51011C21DE0100DC51E4 /* LaunchScreen.storyboard */,
				AB5E51041C21DE0100DC51E4 /* Info.plist */,
				AB5E50F31C21DE0100DC51E4 /* Supporting Files */,
			);
			path = ThreadTest;
			sourceTree = "<group>";
		};
		AB5E50F31C21DE0100DC51E4 /* Supporting Files */ = {
			isa = PBXGroup;
			children = (
				AB5E50F41C21DE0100DC51E4 /* main.m */,
			);
			name = "Supporting Files";
			sourceTree = "<group>";
		};
/* End PBXGroup section */

/* Begin PBXNativeTarget section */
		AB5E50EF1C21DE0100DC51E4 /* ThreadTest */ = {
			isa = PBXNativeTarget;
			buildConfigurationList = AB5E51071C21DE0100DC51E4 /* Build configuration list for PBXNativeTarget "ThreadTest" */;
			buildPhases = (
				AB5E50EC1C21DE0100DC51E4 /* Sources */,
				AB5E50ED1C21DE0100DC51E4 /* Frameworks */,
				AB5E50EE1C21DE0100DC51E4 /* Resources */,
			);
			buildRules = (
			);
			dependencies = (
			);
			name = ThreadTest;
			productName = ThreadTest;
			productReference = AB5E50F01C21DE0100DC51E4 /* ThreadTest.app */;
			productType = "com.apple.product-type.application";
		};
/* End PBXNativeTarget section */

/* Begin PBXProject section */
		AB5E50E81C21DE0100DC51E4 /* Project object */ = {
			isa = PBXProject;
			attributes = {
				LastUpgradeCheck = 0700;
				ORGANIZATIONNAME = "cn.com.李超";
				TargetAttributes = {
					AB5E50EF1C21DE0100DC51E4 = {
						CreatedOnToolsVersion = 7.0.1;
					};
				};
			};
			buildConfigurationList = AB5E50EB1C21DE0100DC51E4 /* Build configuration list for PBXProject "ThreadTest" */;
			compatibilityVersion = "Xcode 3.2";
			developmentRegion = English;
			hasScannedForEncodings = 0;
			knownRegions = (
				en,
				Base,
			);
			mainGroup = AB5E50E71C21DE0100DC51E4;
			productRefGroup = AB5E50F11C21DE0100DC51E4 /* Products */;
			projectDirPath = "";
			projectRoot = "";
			targets = (
				AB5E50EF1C21DE0100DC51E4 /* ThreadTest */,
			);
		};
/* End PBXProject section */

/* Begin PBXResourcesBuildPhase section */
		AB5E50EE1C21DE0100DC51E4 /* Resources */ = {
			isa = PBXResourcesBuildPhase;
			buildActionMask = 2147483647;
			files = (
				AB5E51031C21DE0100DC51E4 /* LaunchScreen.storyboard in Resources */,
				AB5E51001C21DE0100DC51E4 /* Assets.xcassets in Resources */,
				AB5E50FE1C21DE0100DC51E4 /* Main.storyboard in Resources */,
			);
			runOnlyForDeploymentPostprocessing = 0;
		};
/* End PBXResourcesBuildPhase section */

/* Begin PBXSourcesBuildPhase section */
		AB5E50EC1C21DE0100DC51E4 /* Sources */ = {
			isa = PBXSourcesBuildPhase;
			buildActionMask = 2147483647;
			files = (
				AB5E50FB1C21DE0100DC51E4 /* ViewController.m in Sources */,
				AB5E50F81C21DE0100DC51E4 /* AppDelegate.m in Sources */,
				AB5E50F51C21DE0100DC51E4 /* main.m in Sources */,
			);
			runOnlyForDeploymentPostprocessing = 0;
		};
/* End PBXSourcesBuildPhase section */

/* Begin PBXVariantGroup section */
		AB5E50FC1C21DE0100DC51E4 /* Main.storyboard */ = {
			isa = PBXVariantGroup;
			children = (
				AB5E50FD1C21DE0100DC51E4 /* Base */,
			);
			name = Main.storyboard;
			sourceTree = "<group>";
		};
		AB5E51011C21DE0100DC51E4 /* LaunchScreen.storyboard */ = {
			isa = PBXVariantGroup;
			children = (
				AB5E51021C21DE0100DC51E4 /* Base */,
			);
			name = LaunchScreen.storyboard;
			sourceTree = "<group>";
		};
/* End PBXVariantGroup section */

/* Begin XCBuildConfiguration section */
		AB5E51051C21DE0100DC51E4 /* Debug */ = {
			isa = XCBuildConfiguration;
			buildSettings = {
				ALWAYS_SEARCH_USER_PATHS = NO;
				CLANG_CXX_LANGUAGE_STANDARD = "gnu++0x";
				CLANG_CXX_LIBRARY = "libc++";
				CLANG_ENABLE_MODULES = YES;
				CLANG_ENABLE_OBJC_ARC = YES;
				CLANG_WARN_BOOL_CONVERSION = YES;
				CLANG_WARN_CONSTANT_CONVERSION = YES;
				CLANG_WARN_DIRECT_OBJC_ISA_USAGE = YES_ERROR;
				CLANG_WARN_EMPTY_BODY = YES;
				CLANG_WARN_ENUM_CONVERSION = YES;
				CLANG_WARN_INT_CONVERSION = YES;
				CLANG_WARN_OBJC_ROOT_CLASS = YES_ERROR;
				CLANG_WARN_UNREACHABLE_CODE = YES;
				CLANG_WARN__DUPLICATE_METHOD_MATCH = YES;
				"CODE_SIGN_IDENTITY[sdk=iphoneos*]" = "iPhone Developer";
				COPY_PHASE_STRIP = NO;
				DEBUG_INFORMATION_FORMAT = dwarf;
				ENABLE_STRICT_OBJC_MSGSEND = YES;
				ENABLE_TESTABILITY = YES;
				GCC_C_LANGUAGE_STANDARD = gnu99;
				GCC_DYNAMIC_NO_PIC = NO;
				GCC_NO_COMMON_BLOCKS = YES;
				GCC_OPTIMIZATION_LEVEL = 0;
				GCC_PREPROCESSOR_DEFINITIONS = (
					"DEBUG=1",
					"$(inherited)",
				);
				GCC_WARN_64_TO_32_BIT_CONVERSION = YES;
				GCC_WARN_ABOUT_RETURN_TYPE = YES_ERROR;
				GCC_WARN_UNDECLARED_SELECTOR = YES;
				GCC_WARN_UNINITIALIZED_AUTOS = YES_AGGRESSIVE;
				GCC_WARN_UNUSED_FUNCTION = YES;
				GCC_WARN_UNUSED_VARIABLE = YES;
				IPHONEOS_DEPLOYMENT_TARGET = 9.0;
				MTL_ENABLE_DEBUG_INFO = YES;
				ONLY_ACTIVE_ARCH = YES;
				SDKROOT = iphoneos;
			};
			name = Debug;
		};
		AB5E51061C21DE0100DC51E4 /* Release */ = {
			isa = XCBuildConfiguration;
			buildSettings = {
				ALWAYS_SEARCH_USER_PATHS = NO;
				CLANG_CXX_LANGUAGE_STANDARD = "gnu++0x";
				CLANG_CXX_LIBRARY = "libc++";
				CLANG_ENABLE_MODULES = YES;
				CLANG_ENABLE_OBJC_ARC = YES;
				CLANG_WARN_BOOL_CONVERSION = YES;
				CLANG_WARN_CONSTANT_CONVERSION = YES;
				CLANG_WARN_DIRECT_OBJC_ISA_USAGE = YES_ERROR;
				CLANG_WARN_EMPTY_BODY = YES;
				CLANG_WARN_ENUM_CONVERSION = YES;
				CLANG_WARN_INT_CONVERSION = YES;
				CLANG_WARN_OBJC_ROOT_CLASS = YES_ERROR;
				CLANG_WARN_UNREACHABLE_CODE = YES;
				CLANG_WARN__DUPLICATE_METHOD_MATCH = YES;
				"CODE_SIGN_IDENTITY[sdk=iphoneos*]" = "iPhone Developer";
				COPY_PHASE_STRIP = NO;
				DEBUG_INFORMATION_FORMAT = "dwarf-with-dsym";
				ENABLE_NS_ASSERTIONS = NO;
				ENABLE_STRICT_OBJC_MSGSEND = YES;
				GCC_C_LANGUAGE_STANDARD = gnu99;
				GCC_NO_COMMON_BLOCKS = YES;
				GCC_WARN_64_TO_32_BIT_CONVERSION = YES;
				GCC_WARN_ABOUT_RETURN_TYPE = YES_ERROR;
				GCC_WARN_UNDECLARED_SELECTOR = YES;
				GCC_WARN_UNINITIALIZED_AUTOS = YES_AGGRESSIVE;
				GCC_WARN_UNUSED_FUNCTION = YES;
				GCC_WARN_UNUSED_VARIABLE = YES;
				IPHONEOS_DEPLOYMENT_TARGET = 9.0;
				MTL_ENABLE_DEBUG_INFO = NO;
				SDKROOT = iphoneos;
				VALIDATE_PRODUCT = YES;
			};
			name = Release;
		};
		AB5E51081C21DE0100DC51E4 /* Debug */ = {
			isa = XCBuildConfiguration;
			buildSettings = {
				ASSETCATALOG_COMPILER_APPICON_NAME = AppIcon;
				INFOPLIST_FILE = ThreadTest/Info.plist;
				LD_RUNPATH_SEARCH_PATHS = "$(inherited) @executable_path/Frameworks";
				PRODUCT_BUNDLE_IDENTIFIER = "--.ThreadTest";
				PRODUCT_NAME = "$(TARGET_NAME)";
			};
			name = Debug;
		};
		AB5E51091C21DE0100DC51E4 /* Release */ = {
			isa = XCBuildConfiguration;
			buildSettings = {
				ASSETCATALOG_COMPILER_APPICON_NAME = AppIcon;
				INFOPLIST_FILE = ThreadTest/Info.plist;
				LD_RUNPATH_SEARCH_PATHS = "$(inherited) @executable_path/Frameworks";
				PRODUCT_BUNDLE_IDENTIFIER = "--.ThreadTest";
				PRODUCT_NAME = "$(TARGET_NAME)";
			};
			name = Release;
		};
/* End XCBuildConfiguration section */

/* Begin XCConfigurationList section */
		AB5E50EB1C21DE0100DC51E4 /* Build configuration list for PBXProject "ThreadTest" */ = {
			isa = XCConfigurationList;
			buildConfigurations = (
				AB5E51051C21DE0100DC51E4 /* Debug */,
				AB5E51061C21DE0100DC51E4 /* Release */,
			);
			defaultConfigurationIsVisible = 0;
			defaultConfigurationName = Release;
		};
		AB5E51071C21DE0100DC51E4 /* Build configuration list for PBXNativeTarget "ThreadTest" */ = {
			isa = XCConfigurationList;
			buildConfigurations = (
				AB5E51081C21DE0100DC51E4 /* Debug */,
				AB5E51091C21DE0100DC51E4 /* Release */,
			);
			defaultConfigurationIsVisible = 0;
		};
/* End XCConfigurationList section */
	};
	rootObject = AB5E50E81C21DE0100DC51E4 /* Project object */;
}
