// !$*UTF8*$!
{
	archiveVersion = 1;
	classes = {
	};
	objectVersion = 46;
	objects = {

/* Begin PBXBuildFile section */
		AB00468B1C067A9000F9CED5 /* main.m in Sources */ = {isa = PBXBuildFile; fileRef = AB00468A1C067A9000F9CED5 /* main.m */; };
		AB00468E1C067A9000F9CED5 /* AppDelegate.m in Sources */ = {isa = PBXBuildFile; fileRef = AB00468D1C067A9000F9CED5 /* AppDelegate.m */; };
		AB0046911C067A9000F9CED5 /* ViewController.m in Sources */ = {isa = PBXBuildFile; fileRef = AB0046901C067A9000F9CED5 /* ViewController.m */; };
		AB0046941C067A9000F9CED5 /* Main.storyboard in Resources */ = {isa = PBXBuildFile; fileRef = AB0046921C067A9000F9CED5 /* Main.storyboard */; };
		AB0046961C067A9000F9CED5 /* Assets.xcassets in Resources */ = {isa = PBXBuildFile; fileRef = AB0046951C067A9000F9CED5 /* Assets.xcassets */; };
		AB0046991C067A9000F9CED5 /* LaunchScreen.storyboard in Resources */ = {isa = PBXBuildFile; fileRef = AB0046971C067A9000F9CED5 /* LaunchScreen.storyboard */; };
		AB0046A21C06CE5D00F9CED5 /* UIWeb.m in Sources */ = {isa = PBXBuildFile; fileRef = AB0046A11C06CE5D00F9CED5 /* UIWeb.m */; settings = {ASSET_TAGS = (); }; };
/* End PBXBuildFile section */

/* Begin PBXFileReference section */
		AB0046861C067A9000F9CED5 /* UIWebView.app */ = {isa = PBXFileReference; explicitFileType = wrapper.application; includeInIndex = 0; path = UIWebView.app; sourceTree = BUILT_PRODUCTS_DIR; };
		AB00468A1C067A9000F9CED5 /* main.m */ = {isa = PBXFileReference; lastKnownFileType = sourcecode.c.objc; path = main.m; sourceTree = "<group>"; };
		AB00468C1C067A9000F9CED5 /* AppDelegate.h */ = {isa = PBXFileReference; lastKnownFileType = sourcecode.c.h; path = AppDelegate.h; sourceTree = "<group>"; };
		AB00468D1C067A9000F9CED5 /* AppDelegate.m */ = {isa = PBXFileReference; lastKnownFileType = sourcecode.c.objc; path = AppDelegate.m; sourceTree = "<group>"; };
		AB00468F1C067A9000F9CED5 /* ViewController.h */ = {isa = PBXFileReference; lastKnownFileType = sourcecode.c.h; path = ViewController.h; sourceTree = "<group>"; };
		AB0046901C067A9000F9CED5 /* ViewController.m */ = {isa = PBXFileReference; lastKnownFileType = sourcecode.c.objc; path = ViewController.m; sourceTree = "<group>"; };
		AB0046931C067A9000F9CED5 /* Base */ = {isa = PBXFileReference; lastKnownFileType = file.storyboard; name = Base; path = Base.lproj/Main.storyboard; sourceTree = "<group>"; };
		AB0046951C067A9000F9CED5 /* Assets.xcassets */ = {isa = PBXFileReference; lastKnownFileType = folder.assetcatalog; path = Assets.xcassets; sourceTree = "<group>"; };
		AB0046981C067A9000F9CED5 /* Base */ = {isa = PBXFileReference; lastKnownFileType = file.storyboard; name = Base; path = Base.lproj/LaunchScreen.storyboard; sourceTree = "<group>"; };
		AB00469A1C067A9000F9CED5 /* Info.plist */ = {isa = PBXFileReference; lastKnownFileType = text.plist.xml; path = Info.plist; sourceTree = "<group>"; };
		AB0046A01C06CE5D00F9CED5 /* UIWeb.h */ = {isa = PBXFileReference; fileEncoding = 4; lastKnownFileType = sourcecode.c.h; path = UIWeb.h; sourceTree = "<group>"; };
		AB0046A11C06CE5D00F9CED5 /* UIWeb.m */ = {isa = PBXFileReference; fileEncoding = 4; lastKnownFileType = sourcecode.c.objc; path = UIWeb.m; sourceTree = "<group>"; };
/* End PBXFileReference section */

/* Begin PBXFrameworksBuildPhase section */
		AB0046831C067A9000F9CED5 /* Frameworks */ = {
			isa = PBXFrameworksBuildPhase;
			buildActionMask = 2147483647;
			files = (
			);
			runOnlyForDeploymentPostprocessing = 0;
		};
/* End PBXFrameworksBuildPhase section */

/* Begin PBXGroup section */
		AB00467D1C067A9000F9CED5 = {
			isa = PBXGroup;
			children = (
				AB0046881C067A9000F9CED5 /* UIWebView */,
				AB0046871C067A9000F9CED5 /* Products */,
			);
			sourceTree = "<group>";
		};
		AB0046871C067A9000F9CED5 /* Products */ = {
			isa = PBXGroup;
			children = (
				AB0046861C067A9000F9CED5 /* UIWebView.app */,
			);
			name = Products;
			sourceTree = "<group>";
		};
		AB0046881C067A9000F9CED5 /* UIWebView */ = {
			isa = PBXGroup;
			children = (
				AB00468C1C067A9000F9CED5 /* AppDelegate.h */,
				AB00468D1C067A9000F9CED5 /* AppDelegate.m */,
				AB00468F1C067A9000F9CED5 /* ViewController.h */,
				AB0046901C067A9000F9CED5 /* ViewController.m */,
				AB0046A01C06CE5D00F9CED5 /* UIWeb.h */,
				AB0046A11C06CE5D00F9CED5 /* UIWeb.m */,
				AB0046921C067A9000F9CED5 /* Main.storyboard */,
				AB0046951C067A9000F9CED5 /* Assets.xcassets */,
				AB0046971C067A9000F9CED5 /* LaunchScreen.storyboard */,
				AB00469A1C067A9000F9CED5 /* Info.plist */,
				AB0046891C067A9000F9CED5 /* Supporting Files */,
			);
			path = UIWebView;
			sourceTree = "<group>";
		};
		AB0046891C067A9000F9CED5 /* Supporting Files */ = {
			isa = PBXGroup;
			children = (
				AB00468A1C067A9000F9CED5 /* main.m */,
			);
			name = "Supporting Files";
			sourceTree = "<group>";
		};
/* End PBXGroup section */

/* Begin PBXNativeTarget section */
		AB0046851C067A9000F9CED5 /* UIWebView */ = {
			isa = PBXNativeTarget;
			buildConfigurationList = AB00469D1C067A9000F9CED5 /* Build configuration list for PBXNativeTarget "UIWebView" */;
			buildPhases = (
				AB0046821C067A9000F9CED5 /* Sources */,
				AB0046831C067A9000F9CED5 /* Frameworks */,
				AB0046841C067A9000F9CED5 /* Resources */,
			);
			buildRules = (
			);
			dependencies = (
			);
			name = UIWebView;
			productName = UIWebView;
			productReference = AB0046861C067A9000F9CED5 /* UIWebView.app */;
			productType = "com.apple.product-type.application";
		};
/* End PBXNativeTarget section */

/* Begin PBXProject section */
		AB00467E1C067A9000F9CED5 /* Project object */ = {
			isa = PBXProject;
			attributes = {
				LastUpgradeCheck = 0700;
				ORGANIZATIONNAME = "cn.com.李超";
				TargetAttributes = {
					AB0046851C067A9000F9CED5 = {
						CreatedOnToolsVersion = 7.0.1;
					};
				};
			};
			buildConfigurationList = AB0046811C067A9000F9CED5 /* Build configuration list for PBXProject "UIWebView" */;
			compatibilityVersion = "Xcode 3.2";
			developmentRegion = English;
			hasScannedForEncodings = 0;
			knownRegions = (
				en,
				Base,
			);
			mainGroup = AB00467D1C067A9000F9CED5;
			productRefGroup = AB0046871C067A9000F9CED5 /* Products */;
			projectDirPath = "";
			projectRoot = "";
			targets = (
				AB0046851C067A9000F9CED5 /* UIWebView */,
			);
		};
/* End PBXProject section */

/* Begin PBXResourcesBuildPhase section */
		AB0046841C067A9000F9CED5 /* Resources */ = {
			isa = PBXResourcesBuildPhase;
			buildActionMask = 2147483647;
			files = (
				AB0046991C067A9000F9CED5 /* LaunchScreen.storyboard in Resources */,
				AB0046961C067A9000F9CED5 /* Assets.xcassets in Resources */,
				AB0046941C067A9000F9CED5 /* Main.storyboard in Resources */,
			);
			runOnlyForDeploymentPostprocessing = 0;
		};
/* End PBXResourcesBuildPhase section */

/* Begin PBXSourcesBuildPhase section */
		AB0046821C067A9000F9CED5 /* Sources */ = {
			isa = PBXSourcesBuildPhase;
			buildActionMask = 2147483647;
			files = (
				AB0046911C067A9000F9CED5 /* ViewController.m in Sources */,
				AB00468E1C067A9000F9CED5 /* AppDelegate.m in Sources */,
				AB0046A21C06CE5D00F9CED5 /* UIWeb.m in Sources */,
				AB00468B1C067A9000F9CED5 /* main.m in Sources */,
			);
			runOnlyForDeploymentPostprocessing = 0;
		};
/* End PBXSourcesBuildPhase section */

/* Begin PBXVariantGroup section */
		AB0046921C067A9000F9CED5 /* Main.storyboard */ = {
			isa = PBXVariantGroup;
			children = (
				AB0046931C067A9000F9CED5 /* Base */,
			);
			name = Main.storyboard;
			sourceTree = "<group>";
		};
		AB0046971C067A9000F9CED5 /* LaunchScreen.storyboard */ = {
			isa = PBXVariantGroup;
			children = (
				AB0046981C067A9000F9CED5 /* Base */,
			);
			name = LaunchScreen.storyboard;
			sourceTree = "<group>";
		};
/* End PBXVariantGroup section */

/* Begin XCBuildConfiguration section */
		AB00469B1C067A9000F9CED5 /* Debug */ = {
			isa = XCBuildConfiguration;
			buildSettings = {
				ALWAYS_SEARCH_USER_PATHS = NO;
				CLANG_CXX_LANGUAGE_STANDARD = "gnu++0x";
				CLANG_CXX_LIBRARY = "libc++";
				CLANG_ENABLE_MODULES = YES;
				CLANG_ENABLE_OBJC_ARC = YES;
				CLANG_WARN_BOOL_CONVERSION = YES;
				CLANG_WARN_CONSTANT_CONVERSION = YES;
				CLANG_WARN_DIRECT_OBJC_ISA_USAGE = YES_ERROR;
				CLANG_WARN_EMPTY_BODY = YES;
				CLANG_WARN_ENUM_CONVERSION = YES;
				CLANG_WARN_INT_CONVERSION = YES;
				CLANG_WARN_OBJC_ROOT_CLASS = YES_ERROR;
				CLANG_WARN_UNREACHABLE_CODE = YES;
				CLANG_WARN__DUPLICATE_METHOD_MATCH = YES;
				"CODE_SIGN_IDENTITY[sdk=iphoneos*]" = "iPhone Developer";
				COPY_PHASE_STRIP = NO;
				DEBUG_INFORMATION_FORMAT = dwarf;
				ENABLE_STRICT_OBJC_MSGSEND = YES;
				ENABLE_TESTABILITY = YES;
				GCC_C_LANGUAGE_STANDARD = gnu99;
				GCC_DYNAMIC_NO_PIC = NO;
				GCC_NO_COMMON_BLOCKS = YES;
				GCC_OPTIMIZATION_LEVEL = 0;
				GCC_PREPROCESSOR_DEFINITIONS = (
					"DEBUG=1",
					"$(inherited)",
				);
				GCC_WARN_64_TO_32_BIT_CONVERSION = YES;
				GCC_WARN_ABOUT_RETURN_TYPE = YES_ERROR;
				GCC_WARN_UNDECLARED_SELECTOR = YES;
				GCC_WARN_UNINITIALIZED_AUTOS = YES_AGGRESSIVE;
				GCC_WARN_UNUSED_FUNCTION = YES;
				GCC_WARN_UNUSED_VARIABLE = YES;
				IPHONEOS_DEPLOYMENT_TARGET = 9.0;
				MTL_ENABLE_DEBUG_INFO = YES;
				ONLY_ACTIVE_ARCH = YES;
				SDKROOT = iphoneos;
			};
			name = Debug;
		};
		AB00469C1C067A9000F9CED5 /* Release */ = {
			isa = XCBuildConfiguration;
			buildSettings = {
				ALWAYS_SEARCH_USER_PATHS = NO;
				CLANG_CXX_LANGUAGE_STANDARD = "gnu++0x";
				CLANG_CXX_LIBRARY = "libc++";
				CLANG_ENABLE_MODULES = YES;
				CLANG_ENABLE_OBJC_ARC = YES;
				CLANG_WARN_BOOL_CONVERSION = YES;
				CLANG_WARN_CONSTANT_CONVERSION = YES;
				CLANG_WARN_DIRECT_OBJC_ISA_USAGE = YES_ERROR;
				CLANG_WARN_EMPTY_BODY = YES;
				CLANG_WARN_ENUM_CONVERSION = YES;
				CLANG_WARN_INT_CONVERSION = YES;
				CLANG_WARN_OBJC_ROOT_CLASS = YES_ERROR;
				CLANG_WARN_UNREACHABLE_CODE = YES;
				CLANG_WARN__DUPLICATE_METHOD_MATCH = YES;
				"CODE_SIGN_IDENTITY[sdk=iphoneos*]" = "iPhone Developer";
				COPY_PHASE_STRIP = NO;
				DEBUG_INFORMATION_FORMAT = "dwarf-with-dsym";
				ENABLE_NS_ASSERTIONS = NO;
				ENABLE_STRICT_OBJC_MSGSEND = YES;
				GCC_C_LANGUAGE_STANDARD = gnu99;
				GCC_NO_COMMON_BLOCKS = YES;
				GCC_WARN_64_TO_32_BIT_CONVERSION = YES;
				GCC_WARN_ABOUT_RETURN_TYPE = YES_ERROR;
				GCC_WARN_UNDECLARED_SELECTOR = YES;
				GCC_WARN_UNINITIALIZED_AUTOS = YES_AGGRESSIVE;
				GCC_WARN_UNUSED_FUNCTION = YES;
				GCC_WARN_UNUSED_VARIABLE = YES;
				IPHONEOS_DEPLOYMENT_TARGET = 9.0;
				MTL_ENABLE_DEBUG_INFO = NO;
				SDKROOT = iphoneos;
				VALIDATE_PRODUCT = YES;
			};
			name = Release;
		};
		AB00469E1C067A9000F9CED5 /* Debug */ = {
			isa = XCBuildConfiguration;
			buildSettings = {
				ASSETCATALOG_COMPILER_APPICON_NAME = AppIcon;
				INFOPLIST_FILE = UIWebView/Info.plist;
				LD_RUNPATH_SEARCH_PATHS = "$(inherited) @executable_path/Frameworks";
				PRODUCT_BUNDLE_IDENTIFIER = "--.UIWebView";
				PRODUCT_NAME = "$(TARGET_NAME)";
			};
			name = Debug;
		};
		AB00469F1C067A9000F9CED5 /* Release */ = {
			isa = XCBuildConfiguration;
			buildSettings = {
				ASSETCATALOG_COMPILER_APPICON_NAME = AppIcon;
				INFOPLIST_FILE = UIWebView/Info.plist;
				LD_RUNPATH_SEARCH_PATHS = "$(inherited) @executable_path/Frameworks";
				PRODUCT_BUNDLE_IDENTIFIER = "--.UIWebView";
				PRODUCT_NAME = "$(TARGET_NAME)";
			};
			name = Release;
		};
/* End XCBuildConfiguration section */

/* Begin XCConfigurationList section */
		AB0046811C067A9000F9CED5 /* Build configuration list for PBXProject "UIWebView" */ = {
			isa = XCConfigurationList;
			buildConfigurations = (
				AB00469B1C067A9000F9CED5 /* Debug */,
				AB00469C1C067A9000F9CED5 /* Release */,
			);
			defaultConfigurationIsVisible = 0;
			defaultConfigurationName = Release;
		};
		AB00469D1C067A9000F9CED5 /* Build configuration list for PBXNativeTarget "UIWebView" */ = {
			isa = XCConfigurationList;
			buildConfigurations = (
				AB00469E1C067A9000F9CED5 /* Debug */,
				AB00469F1C067A9000F9CED5 /* Release */,
			);
			defaultConfigurationIsVisible = 0;
			defaultConfigurationName = Release;
		};
/* End XCConfigurationList section */
	};
	rootObject = AB00467E1C067A9000F9CED5 /* Project object */;
}
