// !$*UTF8*$!
{
	archiveVersion = 1;
	classes = {
	};
	objectVersion = 46;
	objects = {

/* Begin PBXBuildFile section */
		AB09E2BB1C977AFC00A0015E /* main.m in Sources */ = {isa = PBXBuildFile; fileRef = AB09E2BA1C977AFC00A0015E /* main.m */; };
		AB09E2BE1C977AFC00A0015E /* AppDelegate.m in Sources */ = {isa = PBXBuildFile; fileRef = AB09E2BD1C977AFC00A0015E /* AppDelegate.m */; };
		AB09E2C11C977AFC00A0015E /* ViewController.m in Sources */ = {isa = PBXBuildFile; fileRef = AB09E2C01C977AFC00A0015E /* ViewController.m */; };
		AB09E2C41C977AFC00A0015E /* Main.storyboard in Resources */ = {isa = PBXBuildFile; fileRef = AB09E2C21C977AFC00A0015E /* Main.storyboard */; };
		AB09E2C61C977AFC00A0015E /* Assets.xcassets in Resources */ = {isa = PBXBuildFile; fileRef = AB09E2C51C977AFC00A0015E /* Assets.xcassets */; };
		AB09E2C91C977AFC00A0015E /* LaunchScreen.storyboard in Resources */ = {isa = PBXBuildFile; fileRef = AB09E2C71C977AFC00A0015E /* LaunchScreen.storyboard */; };
		AB09E2D41C977AFC00A0015E /* WaterFlowDemoTests.m in Sources */ = {isa = PBXBuildFile; fileRef = AB09E2D31C977AFC00A0015E /* WaterFlowDemoTests.m */; };
		AB09E3201C977B5F00A0015E /* MJArgument.m in Sources */ = {isa = PBXBuildFile; fileRef = AB09E2E21C977B5F00A0015E /* MJArgument.m */; };
		AB09E3211C977B5F00A0015E /* MJConst.m in Sources */ = {isa = PBXBuildFile; fileRef = AB09E2E41C977B5F00A0015E /* MJConst.m */; };
		AB09E3221C977B5F00A0015E /* MJFoundation.m in Sources */ = {isa = PBXBuildFile; fileRef = AB09E2E71C977B5F00A0015E /* MJFoundation.m */; };
		AB09E3231C977B5F00A0015E /* MJIvar.m in Sources */ = {isa = PBXBuildFile; fileRef = AB09E2E91C977B5F00A0015E /* MJIvar.m */; };
		AB09E3241C977B5F00A0015E /* MJMember.m in Sources */ = {isa = PBXBuildFile; fileRef = AB09E2EB1C977B5F00A0015E /* MJMember.m */; };
		AB09E3251C977B5F00A0015E /* MJMethod.m in Sources */ = {isa = PBXBuildFile; fileRef = AB09E2ED1C977B5F00A0015E /* MJMethod.m */; };
		AB09E3261C977B5F00A0015E /* MJType.m in Sources */ = {isa = PBXBuildFile; fileRef = AB09E2EF1C977B5F00A0015E /* MJType.m */; };
		AB09E3271C977B5F00A0015E /* MJTypeEncoding.m in Sources */ = {isa = PBXBuildFile; fileRef = AB09E2F11C977B5F00A0015E /* MJTypeEncoding.m */; };
		AB09E3281C977B5F00A0015E /* NSObject+MJCoding.m in Sources */ = {isa = PBXBuildFile; fileRef = AB09E2F31C977B5F00A0015E /* NSObject+MJCoding.m */; };
		AB09E3291C977B5F00A0015E /* NSObject+MJKeyValue.m in Sources */ = {isa = PBXBuildFile; fileRef = AB09E2F51C977B5F00A0015E /* NSObject+MJKeyValue.m */; };
		AB09E32A1C977B5F00A0015E /* NSObject+MJMember.m in Sources */ = {isa = PBXBuildFile; fileRef = AB09E2F71C977B5F00A0015E /* NSObject+MJMember.m */; };
		AB09E32B1C977B5F00A0015E /* MKAnnotationView+WebCache.m in Sources */ = {isa = PBXBuildFile; fileRef = AB09E2FA1C977B5F00A0015E /* MKAnnotationView+WebCache.m */; };
		AB09E32C1C977B5F00A0015E /* NSData+ImageContentType.m in Sources */ = {isa = PBXBuildFile; fileRef = AB09E2FC1C977B5F00A0015E /* NSData+ImageContentType.m */; };
		AB09E32D1C977B5F00A0015E /* SDImageCache.m in Sources */ = {isa = PBXBuildFile; fileRef = AB09E2FE1C977B5F00A0015E /* SDImageCache.m */; };
		AB09E32E1C977B5F00A0015E /* SDWebImageCompat.m in Sources */ = {isa = PBXBuildFile; fileRef = AB09E3001C977B5F00A0015E /* SDWebImageCompat.m */; };
		AB09E32F1C977B5F00A0015E /* SDWebImageDecoder.m in Sources */ = {isa = PBXBuildFile; fileRef = AB09E3021C977B5F00A0015E /* SDWebImageDecoder.m */; };
		AB09E3301C977B5F00A0015E /* SDWebImageDownloader.m in Sources */ = {isa = PBXBuildFile; fileRef = AB09E3041C977B5F00A0015E /* SDWebImageDownloader.m */; };
		AB09E3311C977B5F00A0015E /* SDWebImageDownloaderOperation.m in Sources */ = {isa = PBXBuildFile; fileRef = AB09E3061C977B5F00A0015E /* SDWebImageDownloaderOperation.m */; };
		AB09E3321C977B5F00A0015E /* SDWebImageManager.m in Sources */ = {isa = PBXBuildFile; fileRef = AB09E3081C977B5F00A0015E /* SDWebImageManager.m */; };
		AB09E3331C977B5F00A0015E /* SDWebImagePrefetcher.m in Sources */ = {isa = PBXBuildFile; fileRef = AB09E30B1C977B5F00A0015E /* SDWebImagePrefetcher.m */; };
		AB09E3341C977B5F00A0015E /* UIButton+WebCache.m in Sources */ = {isa = PBXBuildFile; fileRef = AB09E30D1C977B5F00A0015E /* UIButton+WebCache.m */; };
		AB09E3351C977B5F00A0015E /* UIImage+GIF.m in Sources */ = {isa = PBXBuildFile; fileRef = AB09E30F1C977B5F00A0015E /* UIImage+GIF.m */; };
		AB09E3361C977B5F00A0015E /* UIImage+MultiFormat.m in Sources */ = {isa = PBXBuildFile; fileRef = AB09E3111C977B5F00A0015E /* UIImage+MultiFormat.m */; };
		AB09E3371C977B5F00A0015E /* UIImage+WebP.m in Sources */ = {isa = PBXBuildFile; fileRef = AB09E3131C977B5F00A0015E /* UIImage+WebP.m */; };
		AB09E3381C977B5F00A0015E /* UIImageView+HighlightedWebCache.m in Sources */ = {isa = PBXBuildFile; fileRef = AB09E3151C977B5F00A0015E /* UIImageView+HighlightedWebCache.m */; };
		AB09E3391C977B5F00A0015E /* UIImageView+WebCache.m in Sources */ = {isa = PBXBuildFile; fileRef = AB09E3171C977B5F00A0015E /* UIImageView+WebCache.m */; };
		AB09E33A1C977B5F00A0015E /* UIView+WebCacheOperation.m in Sources */ = {isa = PBXBuildFile; fileRef = AB09E3191C977B5F00A0015E /* UIView+WebCacheOperation.m */; };
		AB09E33E1C977BCA00A0015E /* demo.plist in Resources */ = {isa = PBXBuildFile; fileRef = AB09E33D1C977BCA00A0015E /* demo.plist */; };
		AB09E35A1C977C1B00A0015E /* Info.plist in Resources */ = {isa = PBXBuildFile; fileRef = AB09E3401C977C1B00A0015E /* Info.plist */; };
		AB09E35B1C977C1B00A0015E /* MASCompositeConstraint.m in Sources */ = {isa = PBXBuildFile; fileRef = AB09E3421C977C1B00A0015E /* MASCompositeConstraint.m */; };
		AB09E35C1C977C1B00A0015E /* MASConstraint.m in Sources */ = {isa = PBXBuildFile; fileRef = AB09E3451C977C1B00A0015E /* MASConstraint.m */; };
		AB09E35D1C977C1B00A0015E /* MASConstraintMaker.m in Sources */ = {isa = PBXBuildFile; fileRef = AB09E3471C977C1B00A0015E /* MASConstraintMaker.m */; };
		AB09E35E1C977C1B00A0015E /* MASLayoutConstraint.m in Sources */ = {isa = PBXBuildFile; fileRef = AB09E3491C977C1B00A0015E /* MASLayoutConstraint.m */; };
		AB09E35F1C977C1B00A0015E /* MASViewAttribute.m in Sources */ = {isa = PBXBuildFile; fileRef = AB09E34D1C977C1B00A0015E /* MASViewAttribute.m */; };
		AB09E3601C977C1B00A0015E /* MASViewConstraint.m in Sources */ = {isa = PBXBuildFile; fileRef = AB09E34F1C977C1B00A0015E /* MASViewConstraint.m */; };
		AB09E3611C977C1B00A0015E /* NSArray+MASAdditions.m in Sources */ = {isa = PBXBuildFile; fileRef = AB09E3511C977C1B00A0015E /* NSArray+MASAdditions.m */; };
		AB09E3621C977C1B00A0015E /* NSLayoutConstraint+MASDebugAdditions.m in Sources */ = {isa = PBXBuildFile; fileRef = AB09E3541C977C1B00A0015E /* NSLayoutConstraint+MASDebugAdditions.m */; };
		AB09E3631C977C1B00A0015E /* View+MASAdditions.m in Sources */ = {isa = PBXBuildFile; fileRef = AB09E3561C977C1B00A0015E /* View+MASAdditions.m */; };
		AB09E3641C977C1B00A0015E /* ViewController+MASAdditions.m in Sources */ = {isa = PBXBuildFile; fileRef = AB09E3591C977C1B00A0015E /* ViewController+MASAdditions.m */; };
		AB09E3671C977C1B00A0015E /* WaterflowerViewCell.m in Sources */ = {isa = PBXBuildFile; fileRef = AB09E3661C977C1B00A0015E /* WaterflowerViewCell.m */; };
		AB09E36A1C977C1B00A0015E /* WaterflowerView.m in Sources */ = {isa = PBXBuildFile; fileRef = AB09E3691C977C1B00A0015E /* WaterflowerView.m */; };
		AB09E36D1C977D3E00A0015E /* DemoModel.m in Sources */ = {isa = PBXBuildFile; fileRef = AB09E36C1C977D3E00A0015E /* DemoModel.m */; };
		AB09E3701C977D9800A0015E /* DemoCell.m in Sources */ = {isa = PBXBuildFile; fileRef = AB09E36F1C977D9800A0015E /* DemoCell.m */; };
/* End PBXBuildFile section */

/* Begin PBXContainerItemProxy section */
		AB09E2D01C977AFC00A0015E /* PBXContainerItemProxy */ = {
			isa = PBXContainerItemProxy;
			containerPortal = AB09E2AE1C977AFC00A0015E /* Project object */;
			proxyType = 1;
			remoteGlobalIDString = AB09E2B51C977AFC00A0015E;
			remoteInfo = WaterFlowDemo;
		};
/* End PBXContainerItemProxy section */

/* Begin PBXFileReference section */
		AB09E2B61C977AFC00A0015E /* WaterFlowDemo.app */ = {isa = PBXFileReference; explicitFileType = wrapper.application; includeInIndex = 0; path = WaterFlowDemo.app; sourceTree = BUILT_PRODUCTS_DIR; };
		AB09E2BA1C977AFC00A0015E /* main.m */ = {isa = PBXFileReference; lastKnownFileType = sourcecode.c.objc; path = main.m; sourceTree = "<group>"; };
		AB09E2BC1C977AFC00A0015E /* AppDelegate.h */ = {isa = PBXFileReference; lastKnownFileType = sourcecode.c.h; path = AppDelegate.h; sourceTree = "<group>"; };
		AB09E2BD1C977AFC00A0015E /* AppDelegate.m */ = {isa = PBXFileReference; lastKnownFileType = sourcecode.c.objc; path = AppDelegate.m; sourceTree = "<group>"; };
		AB09E2BF1C977AFC00A0015E /* ViewController.h */ = {isa = PBXFileReference; lastKnownFileType = sourcecode.c.h; path = ViewController.h; sourceTree = "<group>"; };
		AB09E2C01C977AFC00A0015E /* ViewController.m */ = {isa = PBXFileReference; lastKnownFileType = sourcecode.c.objc; path = ViewController.m; sourceTree = "<group>"; };
		AB09E2C31C977AFC00A0015E /* Base */ = {isa = PBXFileReference; lastKnownFileType = file.storyboard; name = Base; path = Base.lproj/Main.storyboard; sourceTree = "<group>"; };
		AB09E2C51C977AFC00A0015E /* Assets.xcassets */ = {isa = PBXFileReference; lastKnownFileType = folder.assetcatalog; path = Assets.xcassets; sourceTree = "<group>"; };
		AB09E2C81C977AFC00A0015E /* Base */ = {isa = PBXFileReference; lastKnownFileType = file.storyboard; name = Base; path = Base.lproj/LaunchScreen.storyboard; sourceTree = "<group>"; };
		AB09E2CA1C977AFC00A0015E /* Info.plist */ = {isa = PBXFileReference; lastKnownFileType = text.plist.xml; path = Info.plist; sourceTree = "<group>"; };
		AB09E2CF1C977AFC00A0015E /* WaterFlowDemoTests.xctest */ = {isa = PBXFileReference; explicitFileType = wrapper.cfbundle; includeInIndex = 0; path = WaterFlowDemoTests.xctest; sourceTree = BUILT_PRODUCTS_DIR; };
		AB09E2D31C977AFC00A0015E /* WaterFlowDemoTests.m */ = {isa = PBXFileReference; lastKnownFileType = sourcecode.c.objc; path = WaterFlowDemoTests.m; sourceTree = "<group>"; };
		AB09E2D51C977AFC00A0015E /* Info.plist */ = {isa = PBXFileReference; lastKnownFileType = text.plist.xml; path = Info.plist; sourceTree = "<group>"; };
		AB09E2E11C977B5F00A0015E /* MJArgument.h */ = {isa = PBXFileReference; fileEncoding = 4; lastKnownFileType = sourcecode.c.h; path = MJArgument.h; sourceTree = "<group>"; };
		AB09E2E21C977B5F00A0015E /* MJArgument.m */ = {isa = PBXFileReference; fileEncoding = 4; lastKnownFileType = sourcecode.c.objc; path = MJArgument.m; sourceTree = "<group>"; };
		AB09E2E31C977B5F00A0015E /* MJConst.h */ = {isa = PBXFileReference; fileEncoding = 4; lastKnownFileType = sourcecode.c.h; path = MJConst.h; sourceTree = "<group>"; };
		AB09E2E41C977B5F00A0015E /* MJConst.m */ = {isa = PBXFileReference; fileEncoding = 4; lastKnownFileType = sourcecode.c.objc; path = MJConst.m; sourceTree = "<group>"; };
		AB09E2E51C977B5F00A0015E /* MJExtension.h */ = {isa = PBXFileReference; fileEncoding = 4; lastKnownFileType = sourcecode.c.h; path = MJExtension.h; sourceTree = "<group>"; };
		AB09E2E61C977B5F00A0015E /* MJFoundation.h */ = {isa = PBXFileReference; fileEncoding = 4; lastKnownFileType = sourcecode.c.h; path = MJFoundation.h; sourceTree = "<group>"; };
		AB09E2E71C977B5F00A0015E /* MJFoundation.m */ = {isa = PBXFileReference; fileEncoding = 4; lastKnownFileType = sourcecode.c.objc; path = MJFoundation.m; sourceTree = "<group>"; };
		AB09E2E81C977B5F00A0015E /* MJIvar.h */ = {isa = PBXFileReference; fileEncoding = 4; lastKnownFileType = sourcecode.c.h; path = MJIvar.h; sourceTree = "<group>"; };
		AB09E2E91C977B5F00A0015E /* MJIvar.m */ = {isa = PBXFileReference; fileEncoding = 4; lastKnownFileType = sourcecode.c.objc; path = MJIvar.m; sourceTree = "<group>"; };
		AB09E2EA1C977B5F00A0015E /* MJMember.h */ = {isa = PBXFileReference; fileEncoding = 4; lastKnownFileType = sourcecode.c.h; path = MJMember.h; sourceTree = "<group>"; };
		AB09E2EB1C977B5F00A0015E /* MJMember.m */ = {isa = PBXFileReference; fileEncoding = 4; lastKnownFileType = sourcecode.c.objc; path = MJMember.m; sourceTree = "<group>"; };
		AB09E2EC1C977B5F00A0015E /* MJMethod.h */ = {isa = PBXFileReference; fileEncoding = 4; lastKnownFileType = sourcecode.c.h; path = MJMethod.h; sourceTree = "<group>"; };
		AB09E2ED1C977B5F00A0015E /* MJMethod.m */ = {isa = PBXFileReference; fileEncoding = 4; lastKnownFileType = sourcecode.c.objc; path = MJMethod.m; sourceTree = "<group>"; };
		AB09E2EE1C977B5F00A0015E /* MJType.h */ = {isa = PBXFileReference; fileEncoding = 4; lastKnownFileType = sourcecode.c.h; path = MJType.h; sourceTree = "<group>"; };
		AB09E2EF1C977B5F00A0015E /* MJType.m */ = {isa = PBXFileReference; fileEncoding = 4; lastKnownFileType = sourcecode.c.objc; path = MJType.m; sourceTree = "<group>"; };
		AB09E2F01C977B5F00A0015E /* MJTypeEncoding.h */ = {isa = PBXFileReference; fileEncoding = 4; lastKnownFileType = sourcecode.c.h; path = MJTypeEncoding.h; sourceTree = "<group>"; };
		AB09E2F11C977B5F00A0015E /* MJTypeEncoding.m */ = {isa = PBXFileReference; fileEncoding = 4; lastKnownFileType = sourcecode.c.objc; path = MJTypeEncoding.m; sourceTree = "<group>"; };
		AB09E2F21C977B5F00A0015E /* NSObject+MJCoding.h */ = {isa = PBXFileReference; fileEncoding = 4; lastKnownFileType = sourcecode.c.h; path = "NSObject+MJCoding.h"; sourceTree = "<group>"; };
		AB09E2F31C977B5F00A0015E /* NSObject+MJCoding.m */ = {isa = PBXFileReference; fileEncoding = 4; lastKnownFileType = sourcecode.c.objc; path = "NSObject+MJCoding.m"; sourceTree = "<group>"; };
		AB09E2F41C977B5F00A0015E /* NSObject+MJKeyValue.h */ = {isa = PBXFileReference; fileEncoding = 4; lastKnownFileType = sourcecode.c.h; path = "NSObject+MJKeyValue.h"; sourceTree = "<group>"; };
		AB09E2F51C977B5F00A0015E /* NSObject+MJKeyValue.m */ = {isa = PBXFileReference; fileEncoding = 4; lastKnownFileType = sourcecode.c.objc; path = "NSObject+MJKeyValue.m"; sourceTree = "<group>"; };
		AB09E2F61C977B5F00A0015E /* NSObject+MJMember.h */ = {isa = PBXFileReference; fileEncoding = 4; lastKnownFileType = sourcecode.c.h; path = "NSObject+MJMember.h"; sourceTree = "<group>"; };
		AB09E2F71C977B5F00A0015E /* NSObject+MJMember.m */ = {isa = PBXFileReference; fileEncoding = 4; lastKnownFileType = sourcecode.c.objc; path = "NSObject+MJMember.m"; sourceTree = "<group>"; };
		AB09E2F91C977B5F00A0015E /* MKAnnotationView+WebCache.h */ = {isa = PBXFileReference; fileEncoding = 4; lastKnownFileType = sourcecode.c.h; path = "MKAnnotationView+WebCache.h"; sourceTree = "<group>"; };
		AB09E2FA1C977B5F00A0015E /* MKAnnotationView+WebCache.m */ = {isa = PBXFileReference; fileEncoding = 4; lastKnownFileType = sourcecode.c.objc; path = "MKAnnotationView+WebCache.m"; sourceTree = "<group>"; };
		AB09E2FB1C977B5F00A0015E /* NSData+ImageContentType.h */ = {isa = PBXFileReference; fileEncoding = 4; lastKnownFileType = sourcecode.c.h; path = "NSData+ImageContentType.h"; sourceTree = "<group>"; };
		AB09E2FC1C977B5F00A0015E /* NSData+ImageContentType.m */ = {isa = PBXFileReference; fileEncoding = 4; lastKnownFileType = sourcecode.c.objc; path = "NSData+ImageContentType.m"; sourceTree = "<group>"; };
		AB09E2FD1C977B5F00A0015E /* SDImageCache.h */ = {isa = PBXFileReference; fileEncoding = 4; lastKnownFileType = sourcecode.c.h; path = SDImageCache.h; sourceTree = "<group>"; };
		AB09E2FE1C977B5F00A0015E /* SDImageCache.m */ = {isa = PBXFileReference; fileEncoding = 4; lastKnownFileType = sourcecode.c.objc; path = SDImageCache.m; sourceTree = "<group>"; };
		AB09E2FF1C977B5F00A0015E /* SDWebImageCompat.h */ = {isa = PBXFileReference; fileEncoding = 4; lastKnownFileType = sourcecode.c.h; path = SDWebImageCompat.h; sourceTree = "<group>"; };
		AB09E3001C977B5F00A0015E /* SDWebImageCompat.m */ = {isa = PBXFileReference; fileEncoding = 4; lastKnownFileType = sourcecode.c.objc; path = SDWebImageCompat.m; sourceTree = "<group>"; };
		AB09E3011C977B5F00A0015E /* SDWebImageDecoder.h */ = {isa = PBXFileReference; fileEncoding = 4; lastKnownFileType = sourcecode.c.h; path = SDWebImageDecoder.h; sourceTree = "<group>"; };
		AB09E3021C977B5F00A0015E /* SDWebImageDecoder.m */ = {isa = PBXFileReference; fileEncoding = 4; lastKnownFileType = sourcecode.c.objc; path = SDWebImageDecoder.m; sourceTree = "<group>"; };
		AB09E3031C977B5F00A0015E /* SDWebImageDownloader.h */ = {isa = PBXFileReference; fileEncoding = 4; lastKnownFileType = sourcecode.c.h; path = SDWebImageDownloader.h; sourceTree = "<group>"; };
		AB09E3041C977B5F00A0015E /* SDWebImageDownloader.m */ = {isa = PBXFileReference; fileEncoding = 4; lastKnownFileType = sourcecode.c.objc; path = SDWebImageDownloader.m; sourceTree = "<group>"; };
		AB09E3051C977B5F00A0015E /* SDWebImageDownloaderOperation.h */ = {isa = PBXFileReference; fileEncoding = 4; lastKnownFileType = sourcecode.c.h; path = SDWebImageDownloaderOperation.h; sourceTree = "<group>"; };
		AB09E3061C977B5F00A0015E /* SDWebImageDownloaderOperation.m */ = {isa = PBXFileReference; fileEncoding = 4; lastKnownFileType = sourcecode.c.objc; path = SDWebImageDownloaderOperation.m; sourceTree = "<group>"; };
		AB09E3071C977B5F00A0015E /* SDWebImageManager.h */ = {isa = PBXFileReference; fileEncoding = 4; lastKnownFileType = sourcecode.c.h; path = SDWebImageManager.h; sourceTree = "<group>"; };
		AB09E3081C977B5F00A0015E /* SDWebImageManager.m */ = {isa = PBXFileReference; fileEncoding = 4; lastKnownFileType = sourcecode.c.objc; path = SDWebImageManager.m; sourceTree = "<group>"; };
		AB09E3091C977B5F00A0015E /* SDWebImageOperation.h */ = {isa = PBXFileReference; fileEncoding = 4; lastKnownFileType = sourcecode.c.h; path = SDWebImageOperation.h; sourceTree = "<group>"; };
		AB09E30A1C977B5F00A0015E /* SDWebImagePrefetcher.h */ = {isa = PBXFileReference; fileEncoding = 4; lastKnownFileType = sourcecode.c.h; path = SDWebImagePrefetcher.h; sourceTree = "<group>"; };
		AB09E30B1C977B5F00A0015E /* SDWebImagePrefetcher.m */ = {isa = PBXFileReference; fileEncoding = 4; lastKnownFileType = sourcecode.c.objc; path = SDWebImagePrefetcher.m; sourceTree = "<group>"; };
		AB09E30C1C977B5F00A0015E /* UIButton+WebCache.h */ = {isa = PBXFileReference; fileEncoding = 4; lastKnownFileType = sourcecode.c.h; path = "UIButton+WebCache.h"; sourceTree = "<group>"; };
		AB09E30D1C977B5F00A0015E /* UIButton+WebCache.m */ = {isa = PBXFileReference; fileEncoding = 4; lastKnownFileType = sourcecode.c.objc; path = "UIButton+WebCache.m"; sourceTree = "<group>"; };
		AB09E30E1C977B5F00A0015E /* UIImage+GIF.h */ = {isa = PBXFileReference; fileEncoding = 4; lastKnownFileType = sourcecode.c.h; path = "UIImage+GIF.h"; sourceTree = "<group>"; };
		AB09E30F1C977B5F00A0015E /* UIImage+GIF.m */ = {isa = PBXFileReference; fileEncoding = 4; lastKnownFileType = sourcecode.c.objc; path = "UIImage+GIF.m"; sourceTree = "<group>"; };
		AB09E3101C977B5F00A0015E /* UIImage+MultiFormat.h */ = {isa = PBXFileReference; fileEncoding = 4; lastKnownFileType = sourcecode.c.h; path = "UIImage+MultiFormat.h"; sourceTree = "<group>"; };
		AB09E3111C977B5F00A0015E /* UIImage+MultiFormat.m */ = {isa = PBXFileReference; fileEncoding = 4; lastKnownFileType = sourcecode.c.objc; path = "UIImage+MultiFormat.m"; sourceTree = "<group>"; };
		AB09E3121C977B5F00A0015E /* UIImage+WebP.h */ = {isa = PBXFileReference; fileEncoding = 4; lastKnownFileType = sourcecode.c.h; path = "UIImage+WebP.h"; sourceTree = "<group>"; };
		AB09E3131C977B5F00A0015E /* UIImage+WebP.m */ = {isa = PBXFileReference; fileEncoding = 4; lastKnownFileType = sourcecode.c.objc; path = "UIImage+WebP.m"; sourceTree = "<group>"; };
		AB09E3141C977B5F00A0015E /* UIImageView+HighlightedWebCache.h */ = {isa = PBXFileReference; fileEncoding = 4; lastKnownFileType = sourcecode.c.h; path = "UIImageView+HighlightedWebCache.h"; sourceTree = "<group>"; };
		AB09E3151C977B5F00A0015E /* UIImageView+HighlightedWebCache.m */ = {isa = PBXFileReference; fileEncoding = 4; lastKnownFileType = sourcecode.c.objc; path = "UIImageView+HighlightedWebCache.m"; sourceTree = "<group>"; };
		AB09E3161C977B5F00A0015E /* UIImageView+WebCache.h */ = {isa = PBXFileReference; fileEncoding = 4; lastKnownFileType = sourcecode.c.h; path = "UIImageView+WebCache.h"; sourceTree = "<group>"; };
		AB09E3171C977B5F00A0015E /* UIImageView+WebCache.m */ = {isa = PBXFileReference; fileEncoding = 4; lastKnownFileType = sourcecode.c.objc; path = "UIImageView+WebCache.m"; sourceTree = "<group>"; };
		AB09E3181C977B5F00A0015E /* UIView+WebCacheOperation.h */ = {isa = PBXFileReference; fileEncoding = 4; lastKnownFileType = sourcecode.c.h; path = "UIView+WebCacheOperation.h"; sourceTree = "<group>"; };
		AB09E3191C977B5F00A0015E /* UIView+WebCacheOperation.m */ = {isa = PBXFileReference; fileEncoding = 4; lastKnownFileType = sourcecode.c.objc; path = "UIView+WebCacheOperation.m"; sourceTree = "<group>"; };
		AB09E33D1C977BCA00A0015E /* demo.plist */ = {isa = PBXFileReference; fileEncoding = 4; lastKnownFileType = text.plist.xml; path = demo.plist; sourceTree = "<group>"; };
		AB09E3401C977C1B00A0015E /* Info.plist */ = {isa = PBXFileReference; fileEncoding = 4; lastKnownFileType = text.plist.xml; path = Info.plist; sourceTree = "<group>"; };
		AB09E3411C977C1B00A0015E /* MASCompositeConstraint.h */ = {isa = PBXFileReference; fileEncoding = 4; lastKnownFileType = sourcecode.c.h; path = MASCompositeConstraint.h; sourceTree = "<group>"; };
		AB09E3421C977C1B00A0015E /* MASCompositeConstraint.m */ = {isa = PBXFileReference; fileEncoding = 4; lastKnownFileType = sourcecode.c.objc; path = MASCompositeConstraint.m; sourceTree = "<group>"; };
		AB09E3431C977C1B00A0015E /* MASConstraint+Private.h */ = {isa = PBXFileReference; fileEncoding = 4; lastKnownFileType = sourcecode.c.h; path = "MASConstraint+Private.h"; sourceTree = "<group>"; };
		AB09E3441C977C1B00A0015E /* MASConstraint.h */ = {isa = PBXFileReference; fileEncoding = 4; lastKnownFileType = sourcecode.c.h; path = MASConstraint.h; sourceTree = "<group>"; };
		AB09E3451C977C1B00A0015E /* MASConstraint.m */ = {isa = PBXFileReference; fileEncoding = 4; lastKnownFileType = sourcecode.c.objc; path = MASConstraint.m; sourceTree = "<group>"; };
		AB09E3461C977C1B00A0015E /* MASConstraintMaker.h */ = {isa = PBXFileReference; fileEncoding = 4; lastKnownFileType = sourcecode.c.h; path = MASConstraintMaker.h; sourceTree = "<group>"; };
		AB09E3471C977C1B00A0015E /* MASConstraintMaker.m */ = {isa = PBXFileReference; fileEncoding = 4; lastKnownFileType = sourcecode.c.objc; path = MASConstraintMaker.m; sourceTree = "<group>"; };
		AB09E3481C977C1B00A0015E /* MASLayoutConstraint.h */ = {isa = PBXFileReference; fileEncoding = 4; lastKnownFileType = sourcecode.c.h; path = MASLayoutConstraint.h; sourceTree = "<group>"; };
		AB09E3491C977C1B00A0015E /* MASLayoutConstraint.m */ = {isa = PBXFileReference; fileEncoding = 4; lastKnownFileType = sourcecode.c.objc; path = MASLayoutConstraint.m; sourceTree = "<group>"; };
		AB09E34A1C977C1B00A0015E /* Masonry.h */ = {isa = PBXFileReference; fileEncoding = 4; lastKnownFileType = sourcecode.c.h; path = Masonry.h; sourceTree = "<group>"; };
		AB09E34B1C977C1B00A0015E /* MASUtilities.h */ = {isa = PBXFileReference; fileEncoding = 4; lastKnownFileType = sourcecode.c.h; path = MASUtilities.h; sourceTree = "<group>"; };
		AB09E34C1C977C1B00A0015E /* MASViewAttribute.h */ = {isa = PBXFileReference; fileEncoding = 4; lastKnownFileType = sourcecode.c.h; path = MASViewAttribute.h; sourceTree = "<group>"; };
		AB09E34D1C977C1B00A0015E /* MASViewAttribute.m */ = {isa = PBXFileReference; fileEncoding = 4; lastKnownFileType = sourcecode.c.objc; path = MASViewAttribute.m; sourceTree = "<group>"; };
		AB09E34E1C977C1B00A0015E /* MASViewConstraint.h */ = {isa = PBXFileReference; fileEncoding = 4; lastKnownFileType = sourcecode.c.h; path = MASViewConstraint.h; sourceTree = "<group>"; };
		AB09E34F1C977C1B00A0015E /* MASViewConstraint.m */ = {isa = PBXFileReference; fileEncoding = 4; lastKnownFileType = sourcecode.c.objc; path = MASViewConstraint.m; sourceTree = "<group>"; };
		AB09E3501C977C1B00A0015E /* NSArray+MASAdditions.h */ = {isa = PBXFileReference; fileEncoding = 4; lastKnownFileType = sourcecode.c.h; path = "NSArray+MASAdditions.h"; sourceTree = "<group>"; };
		AB09E3511C977C1B00A0015E /* NSArray+MASAdditions.m */ = {isa = PBXFileReference; fileEncoding = 4; lastKnownFileType = sourcecode.c.objc; path = "NSArray+MASAdditions.m"; sourceTree = "<group>"; };
		AB09E3521C977C1B00A0015E /* NSArray+MASShorthandAdditions.h */ = {isa = PBXFileReference; fileEncoding = 4; lastKnownFileType = sourcecode.c.h; path = "NSArray+MASShorthandAdditions.h"; sourceTree = "<group>"; };
		AB09E3531C977C1B00A0015E /* NSLayoutConstraint+MASDebugAdditions.h */ = {isa = PBXFileReference; fileEncoding = 4; lastKnownFileType = sourcecode.c.h; path = "NSLayoutConstraint+MASDebugAdditions.h"; sourceTree = "<group>"; };
		AB09E3541C977C1B00A0015E /* NSLayoutConstraint+MASDebugAdditions.m */ = {isa = PBXFileReference; fileEncoding = 4; lastKnownFileType = sourcecode.c.objc; path = "NSLayoutConstraint+MASDebugAdditions.m"; sourceTree = "<group>"; };
		AB09E3551C977C1B00A0015E /* View+MASAdditions.h */ = {isa = PBXFileReference; fileEncoding = 4; lastKnownFileType = sourcecode.c.h; path = "View+MASAdditions.h"; sourceTree = "<group>"; };
		AB09E3561C977C1B00A0015E /* View+MASAdditions.m */ = {isa = PBXFileReference; fileEncoding = 4; lastKnownFileType = sourcecode.c.objc; path = "View+MASAdditions.m"; sourceTree = "<group>"; };
		AB09E3571C977C1B00A0015E /* View+MASShorthandAdditions.h */ = {isa = PBXFileReference; fileEncoding = 4; lastKnownFileType = sourcecode.c.h; path = "View+MASShorthandAdditions.h"; sourceTree = "<group>"; };
		AB09E3581C977C1B00A0015E /* ViewController+MASAdditions.h */ = {isa = PBXFileReference; fileEncoding = 4; lastKnownFileType = sourcecode.c.h; path = "ViewController+MASAdditions.h"; sourceTree = "<group>"; };
		AB09E3591C977C1B00A0015E /* ViewController+MASAdditions.m */ = {isa = PBXFileReference; fileEncoding = 4; lastKnownFileType = sourcecode.c.objc; path = "ViewController+MASAdditions.m"; sourceTree = "<group>"; };
		AB09E3651C977C1B00A0015E /* WaterflowerViewCell.h */ = {isa = PBXFileReference; fileEncoding = 4; lastKnownFileType = sourcecode.c.h; path = WaterflowerViewCell.h; sourceTree = "<group>"; };
		AB09E3661C977C1B00A0015E /* WaterflowerViewCell.m */ = {isa = PBXFileReference; fileEncoding = 4; lastKnownFileType = sourcecode.c.objc; path = WaterflowerViewCell.m; sourceTree = "<group>"; };
		AB09E3681C977C1B00A0015E /* WaterflowerView.h */ = {isa = PBXFileReference; fileEncoding = 4; lastKnownFileType = sourcecode.c.h; path = WaterflowerView.h; sourceTree = "<group>"; };
		AB09E3691C977C1B00A0015E /* WaterflowerView.m */ = {isa = PBXFileReference; fileEncoding = 4; lastKnownFileType = sourcecode.c.objc; path = WaterflowerView.m; sourceTree = "<group>"; };
		AB09E36B1C977D3E00A0015E /* DemoModel.h */ = {isa = PBXFileReference; fileEncoding = 4; lastKnownFileType = sourcecode.c.h; path = DemoModel.h; sourceTree = "<group>"; };
		AB09E36C1C977D3E00A0015E /* DemoModel.m */ = {isa = PBXFileReference; fileEncoding = 4; lastKnownFileType = sourcecode.c.objc; path = DemoModel.m; sourceTree = "<group>"; };
		AB09E36E1C977D9800A0015E /* DemoCell.h */ = {isa = PBXFileReference; fileEncoding = 4; lastKnownFileType = sourcecode.c.h; path = DemoCell.h; sourceTree = "<group>"; };
		AB09E36F1C977D9800A0015E /* DemoCell.m */ = {isa = PBXFileReference; fileEncoding = 4; lastKnownFileType = sourcecode.c.objc; path = DemoCell.m; sourceTree = "<group>"; };
/* End PBXFileReference section */

/* Begin PBXFrameworksBuildPhase section */
		AB09E2B31C977AFC00A0015E /* Frameworks */ = {
			isa = PBXFrameworksBuildPhase;
			buildActionMask = 2147483647;
			files = (
			);
			runOnlyForDeploymentPostprocessing = 0;
		};
		AB09E2CC1C977AFC00A0015E /* Frameworks */ = {
			isa = PBXFrameworksBuildPhase;
			buildActionMask = 2147483647;
			files = (
			);
			runOnlyForDeploymentPostprocessing = 0;
		};
/* End PBXFrameworksBuildPhase section */

/* Begin PBXGroup section */
		AB09E2AD1C977AFC00A0015E = {
			isa = PBXGroup;
			children = (
				AB09E2DE1C977B5F00A0015E /* Supporting Files */,
				AB09E2DF1C977B5F00A0015E /* ThirdLib */,
				AB09E31F1C977B5F00A0015E /* WaterFlowView */,
				AB09E2B81C977AFC00A0015E /* WaterFlowDemo */,
				AB09E2D21C977AFC00A0015E /* WaterFlowDemoTests */,
				AB09E2B71C977AFC00A0015E /* Products */,
			);
			sourceTree = "<group>";
		};
		AB09E2B71C977AFC00A0015E /* Products */ = {
			isa = PBXGroup;
			children = (
				AB09E2B61C977AFC00A0015E /* WaterFlowDemo.app */,
				AB09E2CF1C977AFC00A0015E /* WaterFlowDemoTests.xctest */,
			);
			name = Products;
			sourceTree = "<group>";
		};
		AB09E2B81C977AFC00A0015E /* WaterFlowDemo */ = {
			isa = PBXGroup;
			children = (
				AB09E2BC1C977AFC00A0015E /* AppDelegate.h */,
				AB09E2BD1C977AFC00A0015E /* AppDelegate.m */,
				AB09E2BF1C977AFC00A0015E /* ViewController.h */,
				AB09E2C01C977AFC00A0015E /* ViewController.m */,
				AB09E36B1C977D3E00A0015E /* DemoModel.h */,
				AB09E36C1C977D3E00A0015E /* DemoModel.m */,
				AB09E36E1C977D9800A0015E /* DemoCell.h */,
				AB09E36F1C977D9800A0015E /* DemoCell.m */,
				AB09E2B91C977AFC00A0015E /* Supporting Files */,
			);
			path = WaterFlowDemo;
			sourceTree = "<group>";
		};
		AB09E2B91C977AFC00A0015E /* Supporting Files */ = {
			isa = PBXGroup;
			children = (
				AB09E2C21C977AFC00A0015E /* Main.storyboard */,
				AB09E2C51C977AFC00A0015E /* Assets.xcassets */,
				AB09E2C71C977AFC00A0015E /* LaunchScreen.storyboard */,
				AB09E2CA1C977AFC00A0015E /* Info.plist */,
				AB09E2BA1C977AFC00A0015E /* main.m */,
			);
			name = "Supporting Files";
			sourceTree = "<group>";
		};
		AB09E2D21C977AFC00A0015E /* WaterFlowDemoTests */ = {
			isa = PBXGroup;
			children = (
				AB09E2D31C977AFC00A0015E /* WaterFlowDemoTests.m */,
				AB09E2D51C977AFC00A0015E /* Info.plist */,
			);
			path = WaterFlowDemoTests;
			sourceTree = "<group>";
		};
		AB09E2DE1C977B5F00A0015E /* Supporting Files */ = {
			isa = PBXGroup;
			children = (
				AB09E33D1C977BCA00A0015E /* demo.plist */,
			);
			path = "Supporting Files";
			sourceTree = "<group>";
		};
		AB09E2DF1C977B5F00A0015E /* ThirdLib */ = {
			isa = PBXGroup;
			children = (
				AB09E33F1C977C1B00A0015E /* Masonry */,
				AB09E2E01C977B5F00A0015E /* MJExtension */,
				AB09E2F81C977B5F00A0015E /* SDWebImage */,
			);
			path = ThirdLib;
			sourceTree = "<group>";
		};
		AB09E2E01C977B5F00A0015E /* MJExtension */ = {
			isa = PBXGroup;
			children = (
				AB09E2E11C977B5F00A0015E /* MJArgument.h */,
				AB09E2E21C977B5F00A0015E /* MJArgument.m */,
				AB09E2E31C977B5F00A0015E /* MJConst.h */,
				AB09E2E41C977B5F00A0015E /* MJConst.m */,
				AB09E2E51C977B5F00A0015E /* MJExtension.h */,
				AB09E2E61C977B5F00A0015E /* MJFoundation.h */,
				AB09E2E71C977B5F00A0015E /* MJFoundation.m */,
				AB09E2E81C977B5F00A0015E /* MJIvar.h */,
				AB09E2E91C977B5F00A0015E /* MJIvar.m */,
				AB09E2EA1C977B5F00A0015E /* MJMember.h */,
				AB09E2EB1C977B5F00A0015E /* MJMember.m */,
				AB09E2EC1C977B5F00A0015E /* MJMethod.h */,
				AB09E2ED1C977B5F00A0015E /* MJMethod.m */,
				AB09E2EE1C977B5F00A0015E /* MJType.h */,
				AB09E2EF1C977B5F00A0015E /* MJType.m */,
				AB09E2F01C977B5F00A0015E /* MJTypeEncoding.h */,
				AB09E2F11C977B5F00A0015E /* MJTypeEncoding.m */,
				AB09E2F21C977B5F00A0015E /* NSObject+MJCoding.h */,
				AB09E2F31C977B5F00A0015E /* NSObject+MJCoding.m */,
				AB09E2F41C977B5F00A0015E /* NSObject+MJKeyValue.h */,
				AB09E2F51C977B5F00A0015E /* NSObject+MJKeyValue.m */,
				AB09E2F61C977B5F00A0015E /* NSObject+MJMember.h */,
				AB09E2F71C977B5F00A0015E /* NSObject+MJMember.m */,
			);
			path = MJExtension;
			sourceTree = "<group>";
		};
		AB09E2F81C977B5F00A0015E /* SDWebImage */ = {
			isa = PBXGroup;
			children = (
				AB09E2F91C977B5F00A0015E /* MKAnnotationView+WebCache.h */,
				AB09E2FA1C977B5F00A0015E /* MKAnnotationView+WebCache.m */,
				AB09E2FB1C977B5F00A0015E /* NSData+ImageContentType.h */,
				AB09E2FC1C977B5F00A0015E /* NSData+ImageContentType.m */,
				AB09E2FD1C977B5F00A0015E /* SDImageCache.h */,
				AB09E2FE1C977B5F00A0015E /* SDImageCache.m */,
				AB09E2FF1C977B5F00A0015E /* SDWebImageCompat.h */,
				AB09E3001C977B5F00A0015E /* SDWebImageCompat.m */,
				AB09E3011C977B5F00A0015E /* SDWebImageDecoder.h */,
				AB09E3021C977B5F00A0015E /* SDWebImageDecoder.m */,
				AB09E3031C977B5F00A0015E /* SDWebImageDownloader.h */,
				AB09E3041C977B5F00A0015E /* SDWebImageDownloader.m */,
				AB09E3051C977B5F00A0015E /* SDWebImageDownloaderOperation.h */,
				AB09E3061C977B5F00A0015E /* SDWebImageDownloaderOperation.m */,
				AB09E3071C977B5F00A0015E /* SDWebImageManager.h */,
				AB09E3081C977B5F00A0015E /* SDWebImageManager.m */,
				AB09E3091C977B5F00A0015E /* SDWebImageOperation.h */,
				AB09E30A1C977B5F00A0015E /* SDWebImagePrefetcher.h */,
				AB09E30B1C977B5F00A0015E /* SDWebImagePrefetcher.m */,
				AB09E30C1C977B5F00A0015E /* UIButton+WebCache.h */,
				AB09E30D1C977B5F00A0015E /* UIButton+WebCache.m */,
				AB09E30E1C977B5F00A0015E /* UIImage+GIF.h */,
				AB09E30F1C977B5F00A0015E /* UIImage+GIF.m */,
				AB09E3101C977B5F00A0015E /* UIImage+MultiFormat.h */,
				AB09E3111C977B5F00A0015E /* UIImage+MultiFormat.m */,
				AB09E3121C977B5F00A0015E /* UIImage+WebP.h */,
				AB09E3131C977B5F00A0015E /* UIImage+WebP.m */,
				AB09E3141C977B5F00A0015E /* UIImageView+HighlightedWebCache.h */,
				AB09E3151C977B5F00A0015E /* UIImageView+HighlightedWebCache.m */,
				AB09E3161C977B5F00A0015E /* UIImageView+WebCache.h */,
				AB09E3171C977B5F00A0015E /* UIImageView+WebCache.m */,
				AB09E3181C977B5F00A0015E /* UIView+WebCacheOperation.h */,
				AB09E3191C977B5F00A0015E /* UIView+WebCacheOperation.m */,
			);
			path = SDWebImage;
			sourceTree = "<group>";
		};
		AB09E31F1C977B5F00A0015E /* WaterFlowView */ = {
			isa = PBXGroup;
			children = (
				AB09E3651C977C1B00A0015E /* WaterflowerViewCell.h */,
				AB09E3661C977C1B00A0015E /* WaterflowerViewCell.m */,
				AB09E3681C977C1B00A0015E /* WaterflowerView.h */,
				AB09E3691C977C1B00A0015E /* WaterflowerView.m */,
			);
			path = WaterFlowView;
			sourceTree = "<group>";
		};
		AB09E33F1C977C1B00A0015E /* Masonry */ = {
			isa = PBXGroup;
			children = (
				AB09E3401C977C1B00A0015E /* Info.plist */,
				AB09E3411C977C1B00A0015E /* MASCompositeConstraint.h */,
				AB09E3421C977C1B00A0015E /* MASCompositeConstraint.m */,
				AB09E3431C977C1B00A0015E /* MASConstraint+Private.h */,
				AB09E3441C977C1B00A0015E /* MASConstraint.h */,
				AB09E3451C977C1B00A0015E /* MASConstraint.m */,
				AB09E3461C977C1B00A0015E /* MASConstraintMaker.h */,
				AB09E3471C977C1B00A0015E /* MASConstraintMaker.m */,
				AB09E3481C977C1B00A0015E /* MASLayoutConstraint.h */,
				AB09E3491C977C1B00A0015E /* MASLayoutConstraint.m */,
				AB09E34A1C977C1B00A0015E /* Masonry.h */,
				AB09E34B1C977C1B00A0015E /* MASUtilities.h */,
				AB09E34C1C977C1B00A0015E /* MASViewAttribute.h */,
				AB09E34D1C977C1B00A0015E /* MASViewAttribute.m */,
				AB09E34E1C977C1B00A0015E /* MASViewConstraint.h */,
				AB09E34F1C977C1B00A0015E /* MASViewConstraint.m */,
				AB09E3501C977C1B00A0015E /* NSArray+MASAdditions.h */,
				AB09E3511C977C1B00A0015E /* NSArray+MASAdditions.m */,
				AB09E3521C977C1B00A0015E /* NSArray+MASShorthandAdditions.h */,
				AB09E3531C977C1B00A0015E /* NSLayoutConstraint+MASDebugAdditions.h */,
				AB09E3541C977C1B00A0015E /* NSLayoutConstraint+MASDebugAdditions.m */,
				AB09E3551C977C1B00A0015E /* View+MASAdditions.h */,
				AB09E3561C977C1B00A0015E /* View+MASAdditions.m */,
				AB09E3571C977C1B00A0015E /* View+MASShorthandAdditions.h */,
				AB09E3581C977C1B00A0015E /* ViewController+MASAdditions.h */,
				AB09E3591C977C1B00A0015E /* ViewController+MASAdditions.m */,
			);
			path = Masonry;
			sourceTree = "<group>";
		};
/* End PBXGroup section */

/* Begin PBXNativeTarget section */
		AB09E2B51C977AFC00A0015E /* WaterFlowDemo */ = {
			isa = PBXNativeTarget;
			buildConfigurationList = AB09E2D81C977AFC00A0015E /* Build configuration list for PBXNativeTarget "WaterFlowDemo" */;
			buildPhases = (
				AB09E2B21C977AFC00A0015E /* Sources */,
				AB09E2B31C977AFC00A0015E /* Frameworks */,
				AB09E2B41C977AFC00A0015E /* Resources */,
			);
			buildRules = (
			);
			dependencies = (
			);
			name = WaterFlowDemo;
			productName = WaterFlowDemo;
			productReference = AB09E2B61C977AFC00A0015E /* WaterFlowDemo.app */;
			productType = "com.apple.product-type.application";
		};
		AB09E2CE1C977AFC00A0015E /* WaterFlowDemoTests */ = {
			isa = PBXNativeTarget;
			buildConfigurationList = AB09E2DB1C977AFC00A0015E /* Build configuration list for PBXNativeTarget "WaterFlowDemoTests" */;
			buildPhases = (
				AB09E2CB1C977AFC00A0015E /* Sources */,
				AB09E2CC1C977AFC00A0015E /* Frameworks */,
				AB09E2CD1C977AFC00A0015E /* Resources */,
			);
			buildRules = (
			);
			dependencies = (
				AB09E2D11C977AFC00A0015E /* PBXTargetDependency */,
			);
			name = WaterFlowDemoTests;
			productName = WaterFlowDemoTests;
			productReference = AB09E2CF1C977AFC00A0015E /* WaterFlowDemoTests.xctest */;
			productType = "com.apple.product-type.bundle.unit-test";
		};
/* End PBXNativeTarget section */

/* Begin PBXProject section */
		AB09E2AE1C977AFC00A0015E /* Project object */ = {
			isa = PBXProject;
			attributes = {
				LastUpgradeCheck = 0720;
				ORGANIZATIONNAME = cn.com.XC;
				TargetAttributes = {
					AB09E2B51C977AFC00A0015E = {
						CreatedOnToolsVersion = 7.2;
					};
					AB09E2CE1C977AFC00A0015E = {
						CreatedOnToolsVersion = 7.2;
						TestTargetID = AB09E2B51C977AFC00A0015E;
					};
				};
			};
			buildConfigurationList = AB09E2B11C977AFC00A0015E /* Build configuration list for PBXProject "WaterFlowDemo" */;
			compatibilityVersion = "Xcode 3.2";
			developmentRegion = English;
			hasScannedForEncodings = 0;
			knownRegions = (
				en,
				Base,
			);
			mainGroup = AB09E2AD1C977AFC00A0015E;
			productRefGroup = AB09E2B71C977AFC00A0015E /* Products */;
			projectDirPath = "";
			projectRoot = "";
			targets = (
				AB09E2B51C977AFC00A0015E /* WaterFlowDemo */,
				AB09E2CE1C977AFC00A0015E /* WaterFlowDemoTests */,
			);
		};
/* End PBXProject section */

/* Begin PBXResourcesBuildPhase section */
		AB09E2B41C977AFC00A0015E /* Resources */ = {
			isa = PBXResourcesBuildPhase;
			buildActionMask = 2147483647;
			files = (
				AB09E2C91C977AFC00A0015E /* LaunchScreen.storyboard in Resources */,
				AB09E33E1C977BCA00A0015E /* demo.plist in Resources */,
				AB09E2C61C977AFC00A0015E /* Assets.xcassets in Resources */,
				AB09E35A1C977C1B00A0015E /* Info.plist in Resources */,
				AB09E2C41C977AFC00A0015E /* Main.storyboard in Resources */,
			);
			runOnlyForDeploymentPostprocessing = 0;
		};
		AB09E2CD1C977AFC00A0015E /* Resources */ = {
			isa = PBXResourcesBuildPhase;
			buildActionMask = 2147483647;
			files = (
			);
			runOnlyForDeploymentPostprocessing = 0;
		};
/* End PBXResourcesBuildPhase section */

/* Begin PBXSourcesBuildPhase section */
		AB09E2B21C977AFC00A0015E /* Sources */ = {
			isa = PBXSourcesBuildPhase;
			buildActionMask = 2147483647;
			files = (
				AB09E3361C977B5F00A0015E /* UIImage+MultiFormat.m in Sources */,
				AB09E3371C977B5F00A0015E /* UIImage+WebP.m in Sources */,
				AB09E2C11C977AFC00A0015E /* ViewController.m in Sources */,
				AB09E3321C977B5F00A0015E /* SDWebImageManager.m in Sources */,
				AB09E3611C977C1B00A0015E /* NSArray+MASAdditions.m in Sources */,
				AB09E3201C977B5F00A0015E /* MJArgument.m in Sources */,
				AB09E3291C977B5F00A0015E /* NSObject+MJKeyValue.m in Sources */,
				AB09E36A1C977C1B00A0015E /* WaterflowerView.m in Sources */,
				AB09E3251C977B5F00A0015E /* MJMethod.m in Sources */,
				AB09E3671C977C1B00A0015E /* WaterflowerViewCell.m in Sources */,
				AB09E3631C977C1B00A0015E /* View+MASAdditions.m in Sources */,
				AB09E35B1C977C1B00A0015E /* MASCompositeConstraint.m in Sources */,
				AB09E3301C977B5F00A0015E /* SDWebImageDownloader.m in Sources */,
				AB09E3231C977B5F00A0015E /* MJIvar.m in Sources */,
				AB09E3701C977D9800A0015E /* DemoCell.m in Sources */,
				AB09E2BE1C977AFC00A0015E /* AppDelegate.m in Sources */,
				AB09E32A1C977B5F00A0015E /* NSObject+MJMember.m in Sources */,
				AB09E3241C977B5F00A0015E /* MJMember.m in Sources */,
				AB09E32B1C977B5F00A0015E /* MKAnnotationView+WebCache.m in Sources */,
				AB09E3261C977B5F00A0015E /* MJType.m in Sources */,
				AB09E36D1C977D3E00A0015E /* DemoModel.m in Sources */,
				AB09E35F1C977C1B00A0015E /* MASViewAttribute.m in Sources */,
				AB09E32C1C977B5F00A0015E /* NSData+ImageContentType.m in Sources */,
				AB09E35C1C977C1B00A0015E /* MASConstraint.m in Sources */,
				AB09E3351C977B5F00A0015E /* UIImage+GIF.m in Sources */,
				AB09E3341C977B5F00A0015E /* UIButton+WebCache.m in Sources */,
				AB09E3221C977B5F00A0015E /* MJFoundation.m in Sources */,
				AB09E35D1C977C1B00A0015E /* MASConstraintMaker.m in Sources */,
				AB09E3331C977B5F00A0015E /* SDWebImagePrefetcher.m in Sources */,
				AB09E32F1C977B5F00A0015E /* SDWebImageDecoder.m in Sources */,
				AB09E3641C977C1B00A0015E /* ViewController+MASAdditions.m in Sources */,
				AB09E32D1C977B5F00A0015E /* SDImageCache.m in Sources */,
				AB09E32E1C977B5F00A0015E /* SDWebImageCompat.m in Sources */,
				AB09E3621C977C1B00A0015E /* NSLayoutConstraint+MASDebugAdditions.m in Sources */,
				AB09E33A1C977B5F00A0015E /* UIView+WebCacheOperation.m in Sources */,
				AB09E3601C977C1B00A0015E /* MASViewConstraint.m in Sources */,
				AB09E3281C977B5F00A0015E /* NSObject+MJCoding.m in Sources */,
				AB09E2BB1C977AFC00A0015E /* main.m in Sources */,
				AB09E35E1C977C1B00A0015E /* MASLayoutConstraint.m in Sources */,
				AB09E3311C977B5F00A0015E /* SDWebImageDownloaderOperation.m in Sources */,
				AB09E3271C977B5F00A0015E /* MJTypeEncoding.m in Sources */,
				AB09E3391C977B5F00A0015E /* UIImageView+WebCache.m in Sources */,
				AB09E3381C977B5F00A0015E /* UIImageView+HighlightedWebCache.m in Sources */,
				AB09E3211C977B5F00A0015E /* MJConst.m in Sources */,
			);
			runOnlyForDeploymentPostprocessing = 0;
		};
		AB09E2CB1C977AFC00A0015E /* Sources */ = {
			isa = PBXSourcesBuildPhase;
			buildActionMask = 2147483647;
			files = (
				AB09E2D41C977AFC00A0015E /* WaterFlowDemoTests.m in Sources */,
			);
			runOnlyForDeploymentPostprocessing = 0;
		};
/* End PBXSourcesBuildPhase section */

/* Begin PBXTargetDependency section */
		AB09E2D11C977AFC00A0015E /* PBXTargetDependency */ = {
			isa = PBXTargetDependency;
			target = AB09E2B51C977AFC00A0015E /* WaterFlowDemo */;
			targetProxy = AB09E2D01C977AFC00A0015E /* PBXContainerItemProxy */;
		};
/* End PBXTargetDependency section */

/* Begin PBXVariantGroup section */
		AB09E2C21C977AFC00A0015E /* Main.storyboard */ = {
			isa = PBXVariantGroup;
			children = (
				AB09E2C31C977AFC00A0015E /* Base */,
			);
			name = Main.storyboard;
			sourceTree = "<group>";
		};
		AB09E2C71C977AFC00A0015E /* LaunchScreen.storyboard */ = {
			isa = PBXVariantGroup;
			children = (
				AB09E2C81C977AFC00A0015E /* Base */,
			);
			name = LaunchScreen.storyboard;
			sourceTree = "<group>";
		};
/* End PBXVariantGroup section */

/* Begin XCBuildConfiguration section */
		AB09E2D61C977AFC00A0015E /* Debug */ = {
			isa = XCBuildConfiguration;
			buildSettings = {
				ALWAYS_SEARCH_USER_PATHS = NO;
				CLANG_CXX_LANGUAGE_STANDARD = "gnu++0x";
				CLANG_CXX_LIBRARY = "libc++";
				CLANG_ENABLE_MODULES = YES;
				CLANG_ENABLE_OBJC_ARC = YES;
				CLANG_WARN_BOOL_CONVERSION = YES;
				CLANG_WARN_CONSTANT_CONVERSION = YES;
				CLANG_WARN_DIRECT_OBJC_ISA_USAGE = YES_ERROR;
				CLANG_WARN_EMPTY_BODY = YES;
				CLANG_WARN_ENUM_CONVERSION = YES;
				CLANG_WARN_INT_CONVERSION = YES;
				CLANG_WARN_OBJC_ROOT_CLASS = YES_ERROR;
				CLANG_WARN_UNREACHABLE_CODE = YES;
				CLANG_WARN__DUPLICATE_METHOD_MATCH = YES;
				"CODE_SIGN_IDENTITY[sdk=iphoneos*]" = "iPhone Developer";
				COPY_PHASE_STRIP = NO;
				DEBUG_INFORMATION_FORMAT = dwarf;
				ENABLE_STRICT_OBJC_MSGSEND = YES;
				ENABLE_TESTABILITY = YES;
				GCC_C_LANGUAGE_STANDARD = gnu99;
				GCC_DYNAMIC_NO_PIC = NO;
				GCC_NO_COMMON_BLOCKS = YES;
				GCC_OPTIMIZATION_LEVEL = 0;
				GCC_PREPROCESSOR_DEFINITIONS = (
					"DEBUG=1",
					"$(inherited)",
				);
				GCC_WARN_64_TO_32_BIT_CONVERSION = YES;
				GCC_WARN_ABOUT_RETURN_TYPE = YES_ERROR;
				GCC_WARN_UNDECLARED_SELECTOR = YES;
				GCC_WARN_UNINITIALIZED_AUTOS = YES_AGGRESSIVE;
				GCC_WARN_UNUSED_FUNCTION = YES;
				GCC_WARN_UNUSED_VARIABLE = YES;
				IPHONEOS_DEPLOYMENT_TARGET = 9.2;
				MTL_ENABLE_DEBUG_INFO = YES;
				ONLY_ACTIVE_ARCH = YES;
				SDKROOT = iphoneos;
			};
			name = Debug;
		};
		AB09E2D71C977AFC00A0015E /* Release */ = {
			isa = XCBuildConfiguration;
			buildSettings = {
				ALWAYS_SEARCH_USER_PATHS = NO;
				CLANG_CXX_LANGUAGE_STANDARD = "gnu++0x";
				CLANG_CXX_LIBRARY = "libc++";
				CLANG_ENABLE_MODULES = YES;
				CLANG_ENABLE_OBJC_ARC = YES;
				CLANG_WARN_BOOL_CONVERSION = YES;
				CLANG_WARN_CONSTANT_CONVERSION = YES;
				CLANG_WARN_DIRECT_OBJC_ISA_USAGE = YES_ERROR;
				CLANG_WARN_EMPTY_BODY = YES;
				CLANG_WARN_ENUM_CONVERSION = YES;
				CLANG_WARN_INT_CONVERSION = YES;
				CLANG_WARN_OBJC_ROOT_CLASS = YES_ERROR;
				CLANG_WARN_UNREACHABLE_CODE = YES;
				CLANG_WARN__DUPLICATE_METHOD_MATCH = YES;
				"CODE_SIGN_IDENTITY[sdk=iphoneos*]" = "iPhone Developer";
				COPY_PHASE_STRIP = NO;
				DEBUG_INFORMATION_FORMAT = "dwarf-with-dsym";
				ENABLE_NS_ASSERTIONS = NO;
				ENABLE_STRICT_OBJC_MSGSEND = YES;
				GCC_C_LANGUAGE_STANDARD = gnu99;
				GCC_NO_COMMON_BLOCKS = YES;
				GCC_WARN_64_TO_32_BIT_CONVERSION = YES;
				GCC_WARN_ABOUT_RETURN_TYPE = YES_ERROR;
				GCC_WARN_UNDECLARED_SELECTOR = YES;
				GCC_WARN_UNINITIALIZED_AUTOS = YES_AGGRESSIVE;
				GCC_WARN_UNUSED_FUNCTION = YES;
				GCC_WARN_UNUSED_VARIABLE = YES;
				IPHONEOS_DEPLOYMENT_TARGET = 9.2;
				MTL_ENABLE_DEBUG_INFO = NO;
				SDKROOT = iphoneos;
				VALIDATE_PRODUCT = YES;
			};
			name = Release;
		};
		AB09E2D91C977AFC00A0015E /* Debug */ = {
			isa = XCBuildConfiguration;
			buildSettings = {
				ASSETCATALOG_COMPILER_APPICON_NAME = AppIcon;
				INFOPLIST_FILE = WaterFlowDemo/Info.plist;
				LD_RUNPATH_SEARCH_PATHS = "$(inherited) @executable_path/Frameworks";
				PRODUCT_BUNDLE_IDENTIFIER = xc.WaterFlowDemo;
				PRODUCT_NAME = "$(TARGET_NAME)";
			};
			name = Debug;
		};
		AB09E2DA1C977AFC00A0015E /* Release */ = {
			isa = XCBuildConfiguration;
			buildSettings = {
				ASSETCATALOG_COMPILER_APPICON_NAME = AppIcon;
				INFOPLIST_FILE = WaterFlowDemo/Info.plist;
				LD_RUNPATH_SEARCH_PATHS = "$(inherited) @executable_path/Frameworks";
				PRODUCT_BUNDLE_IDENTIFIER = xc.WaterFlowDemo;
				PRODUCT_NAME = "$(TARGET_NAME)";
			};
			name = Release;
		};
		AB09E2DC1C977AFC00A0015E /* Debug */ = {
			isa = XCBuildConfiguration;
			buildSettings = {
				BUNDLE_LOADER = "$(TEST_HOST)";
				INFOPLIST_FILE = WaterFlowDemoTests/Info.plist;
				LD_RUNPATH_SEARCH_PATHS = "$(inherited) @executable_path/Frameworks @loader_path/Frameworks";
				PRODUCT_BUNDLE_IDENTIFIER = xc.WaterFlowDemoTests;
				PRODUCT_NAME = "$(TARGET_NAME)";
				TEST_HOST = "$(BUILT_PRODUCTS_DIR)/WaterFlowDemo.app/WaterFlowDemo";
			};
			name = Debug;
		};
		AB09E2DD1C977AFC00A0015E /* Release */ = {
			isa = XCBuildConfiguration;
			buildSettings = {
				BUNDLE_LOADER = "$(TEST_HOST)";
				INFOPLIST_FILE = WaterFlowDemoTests/Info.plist;
				LD_RUNPATH_SEARCH_PATHS = "$(inherited) @executable_path/Frameworks @loader_path/Frameworks";
				PRODUCT_BUNDLE_IDENTIFIER = xc.WaterFlowDemoTests;
				PRODUCT_NAME = "$(TARGET_NAME)";
				TEST_HOST = "$(BUILT_PRODUCTS_DIR)/WaterFlowDemo.app/WaterFlowDemo";
			};
			name = Release;
		};
/* End XCBuildConfiguration section */

/* Begin XCConfigurationList section */
		AB09E2B11C977AFC00A0015E /* Build configuration list for PBXProject "WaterFlowDemo" */ = {
			isa = XCConfigurationList;
			buildConfigurations = (
				AB09E2D61C977AFC00A0015E /* Debug */,
				AB09E2D71C977AFC00A0015E /* Release */,
			);
			defaultConfigurationIsVisible = 0;
			defaultConfigurationName = Release;
		};
		AB09E2D81C977AFC00A0015E /* Build configuration list for PBXNativeTarget "WaterFlowDemo" */ = {
			isa = XCConfigurationList;
			buildConfigurations = (
				AB09E2D91C977AFC00A0015E /* Debug */,
				AB09E2DA1C977AFC00A0015E /* Release */,
			);
			defaultConfigurationIsVisible = 0;
			defaultConfigurationName = Release;
		};
		AB09E2DB1C977AFC00A0015E /* Build configuration list for PBXNativeTarget "WaterFlowDemoTests" */ = {
			isa = XCConfigurationList;
			buildConfigurations = (
				AB09E2DC1C977AFC00A0015E /* Debug */,
				AB09E2DD1C977AFC00A0015E /* Release */,
			);
			defaultConfigurationIsVisible = 0;
			defaultConfigurationName = Release;
		};
/* End XCConfigurationList section */
	};
	rootObject = AB09E2AE1C977AFC00A0015E /* Project object */;
}
